
Microsoft Visual Studio Solution File, Format Version 10.00
# Visual Studio 2008
Project("{8BC9CEB8-8B4A-11D0-8D11-00A0C91BC942}") = "TestISS-AIUI", "TestISS-AIUI\TestISS-AIUI.vcproj", "{A2E80FBA-8410-467E-8F0F-E61EA6472E34}"
	ProjectSection(ProjectDependencies) = postProject
		{FB5F816C-14AA-4C46-B8B2-0B37B78BD3E4} = {FB5F816C-14AA-4C46-B8B2-0B37B78BD3E4}
	EndProjectSection
EndProject
Project("{8BC9CEB8-8B4A-11D0-8D11-00A0C91BC942}") = "VACommon", "..\..\Source\VACommon\VACommon.vcproj", "{FB5F816C-14AA-4C46-B8B2-0B37B78BD3E4}"
EndProject
Global
	GlobalSection(SolutionConfigurationPlatforms) = preSolution
		ChipCryptDebug|STANDARDSDK_500 (ARMV4I) = ChipCryptDebug|STANDARDSDK_500 (ARMV4I)
		ChipCryptDebug|STANDARDSDK_500 (MIPSII) = ChipCryptDebug|STANDARDSDK_500 (MIPSII)
		ChipCryptDebug|STANDARDSDK_500 (MIPSII_FP) = ChipCryptDebug|STANDARDSDK_500 (MIPSII_FP)
		ChipCryptDebug|STANDARDSDK_500 (MIPSIV) = ChipCryptDebug|STANDARDSDK_500 (MIPSIV)
		ChipCryptDebug|STANDARDSDK_500 (MIPSIV_FP) = ChipCryptDebug|STANDARDSDK_500 (MIPSIV_FP)
		ChipCryptDebug|STANDARDSDK_500 (SH4) = ChipCryptDebug|STANDARDSDK_500 (SH4)
		ChipCryptDebug|STANDARDSDK_500 (x86) = ChipCryptDebug|STANDARDSDK_500 (x86)
		ChipCryptDebug|WCE7_ARMv7_SDK (ARMv4I) = ChipCryptDebug|WCE7_ARMv7_SDK (ARMv4I)
		ChipCryptDebug|Win32 = ChipCryptDebug|Win32
		ChipCryptDebugNeon|STANDARDSDK_500 (ARMV4I) = ChipCryptDebugNeon|STANDARDSDK_500 (ARMV4I)
		ChipCryptDebugNeon|STANDARDSDK_500 (MIPSII) = ChipCryptDebugNeon|STANDARDSDK_500 (MIPSII)
		ChipCryptDebugNeon|STANDARDSDK_500 (MIPSII_FP) = ChipCryptDebugNeon|STANDARDSDK_500 (MIPSII_FP)
		ChipCryptDebugNeon|STANDARDSDK_500 (MIPSIV) = ChipCryptDebugNeon|STANDARDSDK_500 (MIPSIV)
		ChipCryptDebugNeon|STANDARDSDK_500 (MIPSIV_FP) = ChipCryptDebugNeon|STANDARDSDK_500 (MIPSIV_FP)
		ChipCryptDebugNeon|STANDARDSDK_500 (SH4) = ChipCryptDebugNeon|STANDARDSDK_500 (SH4)
		ChipCryptDebugNeon|STANDARDSDK_500 (x86) = ChipCryptDebugNeon|STANDARDSDK_500 (x86)
		ChipCryptDebugNeon|WCE7_ARMv7_SDK (ARMv4I) = ChipCryptDebugNeon|WCE7_ARMv7_SDK (ARMv4I)
		ChipCryptDebugNeon|Win32 = ChipCryptDebugNeon|Win32
		ChipCryptRelease|STANDARDSDK_500 (ARMV4I) = ChipCryptRelease|STANDARDSDK_500 (ARMV4I)
		ChipCryptRelease|STANDARDSDK_500 (MIPSII) = ChipCryptRelease|STANDARDSDK_500 (MIPSII)
		ChipCryptRelease|STANDARDSDK_500 (MIPSII_FP) = ChipCryptRelease|STANDARDSDK_500 (MIPSII_FP)
		ChipCryptRelease|STANDARDSDK_500 (MIPSIV) = ChipCryptRelease|STANDARDSDK_500 (MIPSIV)
		ChipCryptRelease|STANDARDSDK_500 (MIPSIV_FP) = ChipCryptRelease|STANDARDSDK_500 (MIPSIV_FP)
		ChipCryptRelease|STANDARDSDK_500 (SH4) = ChipCryptRelease|STANDARDSDK_500 (SH4)
		ChipCryptRelease|STANDARDSDK_500 (x86) = ChipCryptRelease|STANDARDSDK_500 (x86)
		ChipCryptRelease|WCE7_ARMv7_SDK (ARMv4I) = ChipCryptRelease|WCE7_ARMv7_SDK (ARMv4I)
		ChipCryptRelease|Win32 = ChipCryptRelease|Win32
		ChipCryptReleaseNeon|STANDARDSDK_500 (ARMV4I) = ChipCryptReleaseNeon|STANDARDSDK_500 (ARMV4I)
		ChipCryptReleaseNeon|STANDARDSDK_500 (MIPSII) = ChipCryptReleaseNeon|STANDARDSDK_500 (MIPSII)
		ChipCryptReleaseNeon|STANDARDSDK_500 (MIPSII_FP) = ChipCryptReleaseNeon|STANDARDSDK_500 (MIPSII_FP)
		ChipCryptReleaseNeon|STANDARDSDK_500 (MIPSIV) = ChipCryptReleaseNeon|STANDARDSDK_500 (MIPSIV)
		ChipCryptReleaseNeon|STANDARDSDK_500 (MIPSIV_FP) = ChipCryptReleaseNeon|STANDARDSDK_500 (MIPSIV_FP)
		ChipCryptReleaseNeon|STANDARDSDK_500 (SH4) = ChipCryptReleaseNeon|STANDARDSDK_500 (SH4)
		ChipCryptReleaseNeon|STANDARDSDK_500 (x86) = ChipCryptReleaseNeon|STANDARDSDK_500 (x86)
		ChipCryptReleaseNeon|WCE7_ARMv7_SDK (ARMv4I) = ChipCryptReleaseNeon|WCE7_ARMv7_SDK (ARMv4I)
		ChipCryptReleaseNeon|Win32 = ChipCryptReleaseNeon|Win32
		Debug|STANDARDSDK_500 (ARMV4I) = Debug|STANDARDSDK_500 (ARMV4I)
		Debug|STANDARDSDK_500 (MIPSII) = Debug|STANDARDSDK_500 (MIPSII)
		Debug|STANDARDSDK_500 (MIPSII_FP) = Debug|STANDARDSDK_500 (MIPSII_FP)
		Debug|STANDARDSDK_500 (MIPSIV) = Debug|STANDARDSDK_500 (MIPSIV)
		Debug|STANDARDSDK_500 (MIPSIV_FP) = Debug|STANDARDSDK_500 (MIPSIV_FP)
		Debug|STANDARDSDK_500 (SH4) = Debug|STANDARDSDK_500 (SH4)
		Debug|STANDARDSDK_500 (x86) = Debug|STANDARDSDK_500 (x86)
		Debug|WCE7_ARMv7_SDK (ARMv4I) = Debug|WCE7_ARMv7_SDK (ARMv4I)
		Debug|Win32 = Debug|Win32
		DebugNeon|STANDARDSDK_500 (ARMV4I) = DebugNeon|STANDARDSDK_500 (ARMV4I)
		DebugNeon|STANDARDSDK_500 (MIPSII) = DebugNeon|STANDARDSDK_500 (MIPSII)
		DebugNeon|STANDARDSDK_500 (MIPSII_FP) = DebugNeon|STANDARDSDK_500 (MIPSII_FP)
		DebugNeon|STANDARDSDK_500 (MIPSIV) = DebugNeon|STANDARDSDK_500 (MIPSIV)
		DebugNeon|STANDARDSDK_500 (MIPSIV_FP) = DebugNeon|STANDARDSDK_500 (MIPSIV_FP)
		DebugNeon|STANDARDSDK_500 (SH4) = DebugNeon|STANDARDSDK_500 (SH4)
		DebugNeon|STANDARDSDK_500 (x86) = DebugNeon|STANDARDSDK_500 (x86)
		DebugNeon|WCE7_ARMv7_SDK (ARMv4I) = DebugNeon|WCE7_ARMv7_SDK (ARMv4I)
		DebugNeon|Win32 = DebugNeon|Win32
		HardwareEncryptionDebug|STANDARDSDK_500 (ARMV4I) = HardwareEncryptionDebug|STANDARDSDK_500 (ARMV4I)
		HardwareEncryptionDebug|STANDARDSDK_500 (MIPSII) = HardwareEncryptionDebug|STANDARDSDK_500 (MIPSII)
		HardwareEncryptionDebug|STANDARDSDK_500 (MIPSII_FP) = HardwareEncryptionDebug|STANDARDSDK_500 (MIPSII_FP)
		HardwareEncryptionDebug|STANDARDSDK_500 (MIPSIV) = HardwareEncryptionDebug|STANDARDSDK_500 (MIPSIV)
		HardwareEncryptionDebug|STANDARDSDK_500 (MIPSIV_FP) = HardwareEncryptionDebug|STANDARDSDK_500 (MIPSIV_FP)
		HardwareEncryptionDebug|STANDARDSDK_500 (SH4) = HardwareEncryptionDebug|STANDARDSDK_500 (SH4)
		HardwareEncryptionDebug|STANDARDSDK_500 (x86) = HardwareEncryptionDebug|STANDARDSDK_500 (x86)
		HardwareEncryptionDebug|WCE7_ARMv7_SDK (ARMv4I) = HardwareEncryptionDebug|WCE7_ARMv7_SDK (ARMv4I)
		HardwareEncryptionDebug|Win32 = HardwareEncryptionDebug|Win32
		HardwareEncryptionDebugNeon|STANDARDSDK_500 (ARMV4I) = HardwareEncryptionDebugNeon|STANDARDSDK_500 (ARMV4I)
		HardwareEncryptionDebugNeon|STANDARDSDK_500 (MIPSII) = HardwareEncryptionDebugNeon|STANDARDSDK_500 (MIPSII)
		HardwareEncryptionDebugNeon|STANDARDSDK_500 (MIPSII_FP) = HardwareEncryptionDebugNeon|STANDARDSDK_500 (MIPSII_FP)
		HardwareEncryptionDebugNeon|STANDARDSDK_500 (MIPSIV) = HardwareEncryptionDebugNeon|STANDARDSDK_500 (MIPSIV)
		HardwareEncryptionDebugNeon|STANDARDSDK_500 (MIPSIV_FP) = HardwareEncryptionDebugNeon|STANDARDSDK_500 (MIPSIV_FP)
		HardwareEncryptionDebugNeon|STANDARDSDK_500 (SH4) = HardwareEncryptionDebugNeon|STANDARDSDK_500 (SH4)
		HardwareEncryptionDebugNeon|STANDARDSDK_500 (x86) = HardwareEncryptionDebugNeon|STANDARDSDK_500 (x86)
		HardwareEncryptionDebugNeon|WCE7_ARMv7_SDK (ARMv4I) = HardwareEncryptionDebugNeon|WCE7_ARMv7_SDK (ARMv4I)
		HardwareEncryptionDebugNeon|Win32 = HardwareEncryptionDebugNeon|Win32
		HardwareEncryptionRelease|STANDARDSDK_500 (ARMV4I) = HardwareEncryptionRelease|STANDARDSDK_500 (ARMV4I)
		HardwareEncryptionRelease|STANDARDSDK_500 (MIPSII) = HardwareEncryptionRelease|STANDARDSDK_500 (MIPSII)
		HardwareEncryptionRelease|STANDARDSDK_500 (MIPSII_FP) = HardwareEncryptionRelease|STANDARDSDK_500 (MIPSII_FP)
		HardwareEncryptionRelease|STANDARDSDK_500 (MIPSIV) = HardwareEncryptionRelease|STANDARDSDK_500 (MIPSIV)
		HardwareEncryptionRelease|STANDARDSDK_500 (MIPSIV_FP) = HardwareEncryptionRelease|STANDARDSDK_500 (MIPSIV_FP)
		HardwareEncryptionRelease|STANDARDSDK_500 (SH4) = HardwareEncryptionRelease|STANDARDSDK_500 (SH4)
		HardwareEncryptionRelease|STANDARDSDK_500 (x86) = HardwareEncryptionRelease|STANDARDSDK_500 (x86)
		HardwareEncryptionRelease|WCE7_ARMv7_SDK (ARMv4I) = HardwareEncryptionRelease|WCE7_ARMv7_SDK (ARMv4I)
		HardwareEncryptionRelease|Win32 = HardwareEncryptionRelease|Win32
		HardwareEncryptionReleaseNeon|STANDARDSDK_500 (ARMV4I) = HardwareEncryptionReleaseNeon|STANDARDSDK_500 (ARMV4I)
		HardwareEncryptionReleaseNeon|STANDARDSDK_500 (MIPSII) = HardwareEncryptionReleaseNeon|STANDARDSDK_500 (MIPSII)
		HardwareEncryptionReleaseNeon|STANDARDSDK_500 (MIPSII_FP) = HardwareEncryptionReleaseNeon|STANDARDSDK_500 (MIPSII_FP)
		HardwareEncryptionReleaseNeon|STANDARDSDK_500 (MIPSIV) = HardwareEncryptionReleaseNeon|STANDARDSDK_500 (MIPSIV)
		HardwareEncryptionReleaseNeon|STANDARDSDK_500 (MIPSIV_FP) = HardwareEncryptionReleaseNeon|STANDARDSDK_500 (MIPSIV_FP)
		HardwareEncryptionReleaseNeon|STANDARDSDK_500 (SH4) = HardwareEncryptionReleaseNeon|STANDARDSDK_500 (SH4)
		HardwareEncryptionReleaseNeon|STANDARDSDK_500 (x86) = HardwareEncryptionReleaseNeon|STANDARDSDK_500 (x86)
		HardwareEncryptionReleaseNeon|WCE7_ARMv7_SDK (ARMv4I) = HardwareEncryptionReleaseNeon|WCE7_ARMv7_SDK (ARMv4I)
		HardwareEncryptionReleaseNeon|Win32 = HardwareEncryptionReleaseNeon|Win32
		Release|STANDARDSDK_500 (ARMV4I) = Release|STANDARDSDK_500 (ARMV4I)
		Release|STANDARDSDK_500 (MIPSII) = Release|STANDARDSDK_500 (MIPSII)
		Release|STANDARDSDK_500 (MIPSII_FP) = Release|STANDARDSDK_500 (MIPSII_FP)
		Release|STANDARDSDK_500 (MIPSIV) = Release|STANDARDSDK_500 (MIPSIV)
		Release|STANDARDSDK_500 (MIPSIV_FP) = Release|STANDARDSDK_500 (MIPSIV_FP)
		Release|STANDARDSDK_500 (SH4) = Release|STANDARDSDK_500 (SH4)
		Release|STANDARDSDK_500 (x86) = Release|STANDARDSDK_500 (x86)
		Release|WCE7_ARMv7_SDK (ARMv4I) = Release|WCE7_ARMv7_SDK (ARMv4I)
		Release|Win32 = Release|Win32
		ReleaseNeon|STANDARDSDK_500 (ARMV4I) = ReleaseNeon|STANDARDSDK_500 (ARMV4I)
		ReleaseNeon|STANDARDSDK_500 (MIPSII) = ReleaseNeon|STANDARDSDK_500 (MIPSII)
		ReleaseNeon|STANDARDSDK_500 (MIPSII_FP) = ReleaseNeon|STANDARDSDK_500 (MIPSII_FP)
		ReleaseNeon|STANDARDSDK_500 (MIPSIV) = ReleaseNeon|STANDARDSDK_500 (MIPSIV)
		ReleaseNeon|STANDARDSDK_500 (MIPSIV_FP) = ReleaseNeon|STANDARDSDK_500 (MIPSIV_FP)
		ReleaseNeon|STANDARDSDK_500 (SH4) = ReleaseNeon|STANDARDSDK_500 (SH4)
		ReleaseNeon|STANDARDSDK_500 (x86) = ReleaseNeon|STANDARDSDK_500 (x86)
		ReleaseNeon|WCE7_ARMv7_SDK (ARMv4I) = ReleaseNeon|WCE7_ARMv7_SDK (ARMv4I)
		ReleaseNeon|Win32 = ReleaseNeon|Win32
		SoftwareEncryptionDebug|STANDARDSDK_500 (ARMV4I) = SoftwareEncryptionDebug|STANDARDSDK_500 (ARMV4I)
		SoftwareEncryptionDebug|STANDARDSDK_500 (MIPSII) = SoftwareEncryptionDebug|STANDARDSDK_500 (MIPSII)
		SoftwareEncryptionDebug|STANDARDSDK_500 (MIPSII_FP) = SoftwareEncryptionDebug|STANDARDSDK_500 (MIPSII_FP)
		SoftwareEncryptionDebug|STANDARDSDK_500 (MIPSIV) = SoftwareEncryptionDebug|STANDARDSDK_500 (MIPSIV)
		SoftwareEncryptionDebug|STANDARDSDK_500 (MIPSIV_FP) = SoftwareEncryptionDebug|STANDARDSDK_500 (MIPSIV_FP)
		SoftwareEncryptionDebug|STANDARDSDK_500 (SH4) = SoftwareEncryptionDebug|STANDARDSDK_500 (SH4)
		SoftwareEncryptionDebug|STANDARDSDK_500 (x86) = SoftwareEncryptionDebug|STANDARDSDK_500 (x86)
		SoftwareEncryptionDebug|WCE7_ARMv7_SDK (ARMv4I) = SoftwareEncryptionDebug|WCE7_ARMv7_SDK (ARMv4I)
		SoftwareEncryptionDebug|Win32 = SoftwareEncryptionDebug|Win32
		SoftwareEncryptionDebugNeon|STANDARDSDK_500 (ARMV4I) = SoftwareEncryptionDebugNeon|STANDARDSDK_500 (ARMV4I)
		SoftwareEncryptionDebugNeon|STANDARDSDK_500 (MIPSII) = SoftwareEncryptionDebugNeon|STANDARDSDK_500 (MIPSII)
		SoftwareEncryptionDebugNeon|STANDARDSDK_500 (MIPSII_FP) = SoftwareEncryptionDebugNeon|STANDARDSDK_500 (MIPSII_FP)
		SoftwareEncryptionDebugNeon|STANDARDSDK_500 (MIPSIV) = SoftwareEncryptionDebugNeon|STANDARDSDK_500 (MIPSIV)
		SoftwareEncryptionDebugNeon|STANDARDSDK_500 (MIPSIV_FP) = SoftwareEncryptionDebugNeon|STANDARDSDK_500 (MIPSIV_FP)
		SoftwareEncryptionDebugNeon|STANDARDSDK_500 (SH4) = SoftwareEncryptionDebugNeon|STANDARDSDK_500 (SH4)
		SoftwareEncryptionDebugNeon|STANDARDSDK_500 (x86) = SoftwareEncryptionDebugNeon|STANDARDSDK_500 (x86)
		SoftwareEncryptionDebugNeon|WCE7_ARMv7_SDK (ARMv4I) = SoftwareEncryptionDebugNeon|WCE7_ARMv7_SDK (ARMv4I)
		SoftwareEncryptionDebugNeon|Win32 = SoftwareEncryptionDebugNeon|Win32
		SoftwareEncryptionRelease|STANDARDSDK_500 (ARMV4I) = SoftwareEncryptionRelease|STANDARDSDK_500 (ARMV4I)
		SoftwareEncryptionRelease|STANDARDSDK_500 (MIPSII) = SoftwareEncryptionRelease|STANDARDSDK_500 (MIPSII)
		SoftwareEncryptionRelease|STANDARDSDK_500 (MIPSII_FP) = SoftwareEncryptionRelease|STANDARDSDK_500 (MIPSII_FP)
		SoftwareEncryptionRelease|STANDARDSDK_500 (MIPSIV) = SoftwareEncryptionRelease|STANDARDSDK_500 (MIPSIV)
		SoftwareEncryptionRelease|STANDARDSDK_500 (MIPSIV_FP) = SoftwareEncryptionRelease|STANDARDSDK_500 (MIPSIV_FP)
		SoftwareEncryptionRelease|STANDARDSDK_500 (SH4) = SoftwareEncryptionRelease|STANDARDSDK_500 (SH4)
		SoftwareEncryptionRelease|STANDARDSDK_500 (x86) = SoftwareEncryptionRelease|STANDARDSDK_500 (x86)
		SoftwareEncryptionRelease|WCE7_ARMv7_SDK (ARMv4I) = SoftwareEncryptionRelease|WCE7_ARMv7_SDK (ARMv4I)
		SoftwareEncryptionRelease|Win32 = SoftwareEncryptionRelease|Win32
		SoftwareEncryptionReleaseNeon|STANDARDSDK_500 (ARMV4I) = SoftwareEncryptionReleaseNeon|STANDARDSDK_500 (ARMV4I)
		SoftwareEncryptionReleaseNeon|STANDARDSDK_500 (MIPSII) = SoftwareEncryptionReleaseNeon|STANDARDSDK_500 (MIPSII)
		SoftwareEncryptionReleaseNeon|STANDARDSDK_500 (MIPSII_FP) = SoftwareEncryptionReleaseNeon|STANDARDSDK_500 (MIPSII_FP)
		SoftwareEncryptionReleaseNeon|STANDARDSDK_500 (MIPSIV) = SoftwareEncryptionReleaseNeon|STANDARDSDK_500 (MIPSIV)
		SoftwareEncryptionReleaseNeon|STANDARDSDK_500 (MIPSIV_FP) = SoftwareEncryptionReleaseNeon|STANDARDSDK_500 (MIPSIV_FP)
		SoftwareEncryptionReleaseNeon|STANDARDSDK_500 (SH4) = SoftwareEncryptionReleaseNeon|STANDARDSDK_500 (SH4)
		SoftwareEncryptionReleaseNeon|STANDARDSDK_500 (x86) = SoftwareEncryptionReleaseNeon|STANDARDSDK_500 (x86)
		SoftwareEncryptionReleaseNeon|WCE7_ARMv7_SDK (ARMv4I) = SoftwareEncryptionReleaseNeon|WCE7_ARMv7_SDK (ARMv4I)
		SoftwareEncryptionReleaseNeon|Win32 = SoftwareEncryptionReleaseNeon|Win32
	EndGlobalSection
	GlobalSection(ProjectConfigurationPlatforms) = postSolution
		{A2E80FBA-8410-467E-8F0F-E61EA6472E34}.ChipCryptDebug|STANDARDSDK_500 (ARMV4I).ActiveCfg = Debug|Win32
		{A2E80FBA-8410-467E-8F0F-E61EA6472E34}.ChipCryptDebug|STANDARDSDK_500 (MIPSII).ActiveCfg = Debug|Win32
		{A2E80FBA-8410-467E-8F0F-E61EA6472E34}.ChipCryptDebug|STANDARDSDK_500 (MIPSII_FP).ActiveCfg = Debug|Win32
		{A2E80FBA-8410-467E-8F0F-E61EA6472E34}.ChipCryptDebug|STANDARDSDK_500 (MIPSIV).ActiveCfg = Debug|Win32
		{A2E80FBA-8410-467E-8F0F-E61EA6472E34}.ChipCryptDebug|STANDARDSDK_500 (MIPSIV_FP).ActiveCfg = Debug|Win32
		{A2E80FBA-8410-467E-8F0F-E61EA6472E34}.ChipCryptDebug|STANDARDSDK_500 (SH4).ActiveCfg = Debug|Win32
		{A2E80FBA-8410-467E-8F0F-E61EA6472E34}.ChipCryptDebug|STANDARDSDK_500 (x86).ActiveCfg = Debug|Win32
		{A2E80FBA-8410-467E-8F0F-E61EA6472E34}.ChipCryptDebug|WCE7_ARMv7_SDK (ARMv4I).ActiveCfg = Debug|Win32
		{A2E80FBA-8410-467E-8F0F-E61EA6472E34}.ChipCryptDebug|Win32.ActiveCfg = Debug|Win32
		{A2E80FBA-8410-467E-8F0F-E61EA6472E34}.ChipCryptDebug|Win32.Build.0 = Debug|Win32
		{A2E80FBA-8410-467E-8F0F-E61EA6472E34}.ChipCryptDebugNeon|STANDARDSDK_500 (ARMV4I).ActiveCfg = Debug|Win32
		{A2E80FBA-8410-467E-8F0F-E61EA6472E34}.ChipCryptDebugNeon|STANDARDSDK_500 (MIPSII).ActiveCfg = Debug|Win32
		{A2E80FBA-8410-467E-8F0F-E61EA6472E34}.ChipCryptDebugNeon|STANDARDSDK_500 (MIPSII_FP).ActiveCfg = Debug|Win32
		{A2E80FBA-8410-467E-8F0F-E61EA6472E34}.ChipCryptDebugNeon|STANDARDSDK_500 (MIPSIV).ActiveCfg = Debug|Win32
		{A2E80FBA-8410-467E-8F0F-E61EA6472E34}.ChipCryptDebugNeon|STANDARDSDK_500 (MIPSIV_FP).ActiveCfg = Debug|Win32
		{A2E80FBA-8410-467E-8F0F-E61EA6472E34}.ChipCryptDebugNeon|STANDARDSDK_500 (SH4).ActiveCfg = Debug|Win32
		{A2E80FBA-8410-467E-8F0F-E61EA6472E34}.ChipCryptDebugNeon|STANDARDSDK_500 (x86).ActiveCfg = Debug|Win32
		{A2E80FBA-8410-467E-8F0F-E61EA6472E34}.ChipCryptDebugNeon|WCE7_ARMv7_SDK (ARMv4I).ActiveCfg = Debug|Win32
		{A2E80FBA-8410-467E-8F0F-E61EA6472E34}.ChipCryptDebugNeon|Win32.ActiveCfg = Debug|Win32
		{A2E80FBA-8410-467E-8F0F-E61EA6472E34}.ChipCryptDebugNeon|Win32.Build.0 = Debug|Win32
		{A2E80FBA-8410-467E-8F0F-E61EA6472E34}.ChipCryptRelease|STANDARDSDK_500 (ARMV4I).ActiveCfg = Release|Win32
		{A2E80FBA-8410-467E-8F0F-E61EA6472E34}.ChipCryptRelease|STANDARDSDK_500 (MIPSII).ActiveCfg = Release|Win32
		{A2E80FBA-8410-467E-8F0F-E61EA6472E34}.ChipCryptRelease|STANDARDSDK_500 (MIPSII_FP).ActiveCfg = Release|Win32
		{A2E80FBA-8410-467E-8F0F-E61EA6472E34}.ChipCryptRelease|STANDARDSDK_500 (MIPSIV).ActiveCfg = Release|Win32
		{A2E80FBA-8410-467E-8F0F-E61EA6472E34}.ChipCryptRelease|STANDARDSDK_500 (MIPSIV_FP).ActiveCfg = Release|Win32
		{A2E80FBA-8410-467E-8F0F-E61EA6472E34}.ChipCryptRelease|STANDARDSDK_500 (SH4).ActiveCfg = Release|Win32
		{A2E80FBA-8410-467E-8F0F-E61EA6472E34}.ChipCryptRelease|STANDARDSDK_500 (x86).ActiveCfg = Release|Win32
		{A2E80FBA-8410-467E-8F0F-E61EA6472E34}.ChipCryptRelease|WCE7_ARMv7_SDK (ARMv4I).ActiveCfg = Release|Win32
		{A2E80FBA-8410-467E-8F0F-E61EA6472E34}.ChipCryptRelease|Win32.ActiveCfg = Release|Win32
		{A2E80FBA-8410-467E-8F0F-E61EA6472E34}.ChipCryptRelease|Win32.Build.0 = Release|Win32
		{A2E80FBA-8410-467E-8F0F-E61EA6472E34}.ChipCryptReleaseNeon|STANDARDSDK_500 (ARMV4I).ActiveCfg = Release|Win32
		{A2E80FBA-8410-467E-8F0F-E61EA6472E34}.ChipCryptReleaseNeon|STANDARDSDK_500 (MIPSII).ActiveCfg = Release|Win32
		{A2E80FBA-8410-467E-8F0F-E61EA6472E34}.ChipCryptReleaseNeon|STANDARDSDK_500 (MIPSII_FP).ActiveCfg = Release|Win32
		{A2E80FBA-8410-467E-8F0F-E61EA6472E34}.ChipCryptReleaseNeon|STANDARDSDK_500 (MIPSIV).ActiveCfg = Release|Win32
		{A2E80FBA-8410-467E-8F0F-E61EA6472E34}.ChipCryptReleaseNeon|STANDARDSDK_500 (MIPSIV_FP).ActiveCfg = Release|Win32
		{A2E80FBA-8410-467E-8F0F-E61EA6472E34}.ChipCryptReleaseNeon|STANDARDSDK_500 (SH4).ActiveCfg = Release|Win32
		{A2E80FBA-8410-467E-8F0F-E61EA6472E34}.ChipCryptReleaseNeon|STANDARDSDK_500 (x86).ActiveCfg = Release|Win32
		{A2E80FBA-8410-467E-8F0F-E61EA6472E34}.ChipCryptReleaseNeon|WCE7_ARMv7_SDK (ARMv4I).ActiveCfg = Release|Win32
		{A2E80FBA-8410-467E-8F0F-E61EA6472E34}.ChipCryptReleaseNeon|Win32.ActiveCfg = Release|Win32
		{A2E80FBA-8410-467E-8F0F-E61EA6472E34}.ChipCryptReleaseNeon|Win32.Build.0 = Release|Win32
		{A2E80FBA-8410-467E-8F0F-E61EA6472E34}.Debug|STANDARDSDK_500 (ARMV4I).ActiveCfg = Debug|Win32
		{A2E80FBA-8410-467E-8F0F-E61EA6472E34}.Debug|STANDARDSDK_500 (MIPSII).ActiveCfg = Debug|Win32
		{A2E80FBA-8410-467E-8F0F-E61EA6472E34}.Debug|STANDARDSDK_500 (MIPSII_FP).ActiveCfg = Debug|Win32
		{A2E80FBA-8410-467E-8F0F-E61EA6472E34}.Debug|STANDARDSDK_500 (MIPSIV).ActiveCfg = Debug|Win32
		{A2E80FBA-8410-467E-8F0F-E61EA6472E34}.Debug|STANDARDSDK_500 (MIPSIV_FP).ActiveCfg = Debug|Win32
		{A2E80FBA-8410-467E-8F0F-E61EA6472E34}.Debug|STANDARDSDK_500 (SH4).ActiveCfg = Debug|Win32
		{A2E80FBA-8410-467E-8F0F-E61EA6472E34}.Debug|STANDARDSDK_500 (x86).ActiveCfg = Debug|Win32
		{A2E80FBA-8410-467E-8F0F-E61EA6472E34}.Debug|WCE7_ARMv7_SDK (ARMv4I).ActiveCfg = Debug|Win32
		{A2E80FBA-8410-467E-8F0F-E61EA6472E34}.Debug|Win32.ActiveCfg = Debug|Win32
		{A2E80FBA-8410-467E-8F0F-E61EA6472E34}.Debug|Win32.Build.0 = Debug|Win32
		{A2E80FBA-8410-467E-8F0F-E61EA6472E34}.DebugNeon|STANDARDSDK_500 (ARMV4I).ActiveCfg = Debug|Win32
		{A2E80FBA-8410-467E-8F0F-E61EA6472E34}.DebugNeon|STANDARDSDK_500 (MIPSII).ActiveCfg = Debug|Win32
		{A2E80FBA-8410-467E-8F0F-E61EA6472E34}.DebugNeon|STANDARDSDK_500 (MIPSII_FP).ActiveCfg = Debug|Win32
		{A2E80FBA-8410-467E-8F0F-E61EA6472E34}.DebugNeon|STANDARDSDK_500 (MIPSIV).ActiveCfg = Debug|Win32
		{A2E80FBA-8410-467E-8F0F-E61EA6472E34}.DebugNeon|STANDARDSDK_500 (MIPSIV_FP).ActiveCfg = Debug|Win32
		{A2E80FBA-8410-467E-8F0F-E61EA6472E34}.DebugNeon|STANDARDSDK_500 (SH4).ActiveCfg = Debug|Win32
		{A2E80FBA-8410-467E-8F0F-E61EA6472E34}.DebugNeon|STANDARDSDK_500 (x86).ActiveCfg = Debug|Win32
		{A2E80FBA-8410-467E-8F0F-E61EA6472E34}.DebugNeon|WCE7_ARMv7_SDK (ARMv4I).ActiveCfg = Debug|Win32
		{A2E80FBA-8410-467E-8F0F-E61EA6472E34}.DebugNeon|Win32.ActiveCfg = Debug|Win32
		{A2E80FBA-8410-467E-8F0F-E61EA6472E34}.DebugNeon|Win32.Build.0 = Debug|Win32
		{A2E80FBA-8410-467E-8F0F-E61EA6472E34}.HardwareEncryptionDebug|STANDARDSDK_500 (ARMV4I).ActiveCfg = Debug|Win32
		{A2E80FBA-8410-467E-8F0F-E61EA6472E34}.HardwareEncryptionDebug|STANDARDSDK_500 (MIPSII).ActiveCfg = Debug|Win32
		{A2E80FBA-8410-467E-8F0F-E61EA6472E34}.HardwareEncryptionDebug|STANDARDSDK_500 (MIPSII_FP).ActiveCfg = Debug|Win32
		{A2E80FBA-8410-467E-8F0F-E61EA6472E34}.HardwareEncryptionDebug|STANDARDSDK_500 (MIPSIV).ActiveCfg = Debug|Win32
		{A2E80FBA-8410-467E-8F0F-E61EA6472E34}.HardwareEncryptionDebug|STANDARDSDK_500 (MIPSIV_FP).ActiveCfg = Debug|Win32
		{A2E80FBA-8410-467E-8F0F-E61EA6472E34}.HardwareEncryptionDebug|STANDARDSDK_500 (SH4).ActiveCfg = Debug|Win32
		{A2E80FBA-8410-467E-8F0F-E61EA6472E34}.HardwareEncryptionDebug|STANDARDSDK_500 (x86).ActiveCfg = Debug|Win32
		{A2E80FBA-8410-467E-8F0F-E61EA6472E34}.HardwareEncryptionDebug|WCE7_ARMv7_SDK (ARMv4I).ActiveCfg = Debug|Win32
		{A2E80FBA-8410-467E-8F0F-E61EA6472E34}.HardwareEncryptionDebug|Win32.ActiveCfg = Debug|Win32
		{A2E80FBA-8410-467E-8F0F-E61EA6472E34}.HardwareEncryptionDebug|Win32.Build.0 = Debug|Win32
		{A2E80FBA-8410-467E-8F0F-E61EA6472E34}.HardwareEncryptionDebugNeon|STANDARDSDK_500 (ARMV4I).ActiveCfg = Debug|Win32
		{A2E80FBA-8410-467E-8F0F-E61EA6472E34}.HardwareEncryptionDebugNeon|STANDARDSDK_500 (MIPSII).ActiveCfg = Debug|Win32
		{A2E80FBA-8410-467E-8F0F-E61EA6472E34}.HardwareEncryptionDebugNeon|STANDARDSDK_500 (MIPSII_FP).ActiveCfg = Debug|Win32
		{A2E80FBA-8410-467E-8F0F-E61EA6472E34}.HardwareEncryptionDebugNeon|STANDARDSDK_500 (MIPSIV).ActiveCfg = Debug|Win32
		{A2E80FBA-8410-467E-8F0F-E61EA6472E34}.HardwareEncryptionDebugNeon|STANDARDSDK_500 (MIPSIV_FP).ActiveCfg = Debug|Win32
		{A2E80FBA-8410-467E-8F0F-E61EA6472E34}.HardwareEncryptionDebugNeon|STANDARDSDK_500 (SH4).ActiveCfg = Debug|Win32
		{A2E80FBA-8410-467E-8F0F-E61EA6472E34}.HardwareEncryptionDebugNeon|STANDARDSDK_500 (x86).ActiveCfg = Debug|Win32
		{A2E80FBA-8410-467E-8F0F-E61EA6472E34}.HardwareEncryptionDebugNeon|WCE7_ARMv7_SDK (ARMv4I).ActiveCfg = Debug|Win32
		{A2E80FBA-8410-467E-8F0F-E61EA6472E34}.HardwareEncryptionDebugNeon|Win32.ActiveCfg = Debug|Win32
		{A2E80FBA-8410-467E-8F0F-E61EA6472E34}.HardwareEncryptionDebugNeon|Win32.Build.0 = Debug|Win32
		{A2E80FBA-8410-467E-8F0F-E61EA6472E34}.HardwareEncryptionRelease|STANDARDSDK_500 (ARMV4I).ActiveCfg = Release|Win32
		{A2E80FBA-8410-467E-8F0F-E61EA6472E34}.HardwareEncryptionRelease|STANDARDSDK_500 (MIPSII).ActiveCfg = Release|Win32
		{A2E80FBA-8410-467E-8F0F-E61EA6472E34}.HardwareEncryptionRelease|STANDARDSDK_500 (MIPSII_FP).ActiveCfg = Release|Win32
		{A2E80FBA-8410-467E-8F0F-E61EA6472E34}.HardwareEncryptionRelease|STANDARDSDK_500 (MIPSIV).ActiveCfg = Release|Win32
		{A2E80FBA-8410-467E-8F0F-E61EA6472E34}.HardwareEncryptionRelease|STANDARDSDK_500 (MIPSIV_FP).ActiveCfg = Release|Win32
		{A2E80FBA-8410-467E-8F0F-E61EA6472E34}.HardwareEncryptionRelease|STANDARDSDK_500 (SH4).ActiveCfg = Release|Win32
		{A2E80FBA-8410-467E-8F0F-E61EA6472E34}.HardwareEncryptionRelease|STANDARDSDK_500 (x86).ActiveCfg = Release|Win32
		{A2E80FBA-8410-467E-8F0F-E61EA6472E34}.HardwareEncryptionRelease|WCE7_ARMv7_SDK (ARMv4I).ActiveCfg = Release|Win32
		{A2E80FBA-8410-467E-8F0F-E61EA6472E34}.HardwareEncryptionRelease|Win32.ActiveCfg = Release|Win32
		{A2E80FBA-8410-467E-8F0F-E61EA6472E34}.HardwareEncryptionRelease|Win32.Build.0 = Release|Win32
		{A2E80FBA-8410-467E-8F0F-E61EA6472E34}.HardwareEncryptionReleaseNeon|STANDARDSDK_500 (ARMV4I).ActiveCfg = Release|Win32
		{A2E80FBA-8410-467E-8F0F-E61EA6472E34}.HardwareEncryptionReleaseNeon|STANDARDSDK_500 (MIPSII).ActiveCfg = Release|Win32
		{A2E80FBA-8410-467E-8F0F-E61EA6472E34}.HardwareEncryptionReleaseNeon|STANDARDSDK_500 (MIPSII_FP).ActiveCfg = Release|Win32
		{A2E80FBA-8410-467E-8F0F-E61EA6472E34}.HardwareEncryptionReleaseNeon|STANDARDSDK_500 (MIPSIV).ActiveCfg = Release|Win32
		{A2E80FBA-8410-467E-8F0F-E61EA6472E34}.HardwareEncryptionReleaseNeon|STANDARDSDK_500 (MIPSIV_FP).ActiveCfg = Release|Win32
		{A2E80FBA-8410-467E-8F0F-E61EA6472E34}.HardwareEncryptionReleaseNeon|STANDARDSDK_500 (SH4).ActiveCfg = Release|Win32
		{A2E80FBA-8410-467E-8F0F-E61EA6472E34}.HardwareEncryptionReleaseNeon|STANDARDSDK_500 (x86).ActiveCfg = Release|Win32
		{A2E80FBA-8410-467E-8F0F-E61EA6472E34}.HardwareEncryptionReleaseNeon|WCE7_ARMv7_SDK (ARMv4I).ActiveCfg = Release|Win32
		{A2E80FBA-8410-467E-8F0F-E61EA6472E34}.HardwareEncryptionReleaseNeon|Win32.ActiveCfg = Release|Win32
		{A2E80FBA-8410-467E-8F0F-E61EA6472E34}.HardwareEncryptionReleaseNeon|Win32.Build.0 = Release|Win32
		{A2E80FBA-8410-467E-8F0F-E61EA6472E34}.Release|STANDARDSDK_500 (ARMV4I).ActiveCfg = Release|Win32
		{A2E80FBA-8410-467E-8F0F-E61EA6472E34}.Release|STANDARDSDK_500 (MIPSII).ActiveCfg = Release|Win32
		{A2E80FBA-8410-467E-8F0F-E61EA6472E34}.Release|STANDARDSDK_500 (MIPSII_FP).ActiveCfg = Release|Win32
		{A2E80FBA-8410-467E-8F0F-E61EA6472E34}.Release|STANDARDSDK_500 (MIPSIV).ActiveCfg = Release|Win32
		{A2E80FBA-8410-467E-8F0F-E61EA6472E34}.Release|STANDARDSDK_500 (MIPSIV_FP).ActiveCfg = Release|Win32
		{A2E80FBA-8410-467E-8F0F-E61EA6472E34}.Release|STANDARDSDK_500 (SH4).ActiveCfg = Release|Win32
		{A2E80FBA-8410-467E-8F0F-E61EA6472E34}.Release|STANDARDSDK_500 (x86).ActiveCfg = Release|Win32
		{A2E80FBA-8410-467E-8F0F-E61EA6472E34}.Release|WCE7_ARMv7_SDK (ARMv4I).ActiveCfg = Release|Win32
		{A2E80FBA-8410-467E-8F0F-E61EA6472E34}.Release|Win32.ActiveCfg = Release|Win32
		{A2E80FBA-8410-467E-8F0F-E61EA6472E34}.Release|Win32.Build.0 = Release|Win32
		{A2E80FBA-8410-467E-8F0F-E61EA6472E34}.ReleaseNeon|STANDARDSDK_500 (ARMV4I).ActiveCfg = Release|Win32
		{A2E80FBA-8410-467E-8F0F-E61EA6472E34}.ReleaseNeon|STANDARDSDK_500 (MIPSII).ActiveCfg = Release|Win32
		{A2E80FBA-8410-467E-8F0F-E61EA6472E34}.ReleaseNeon|STANDARDSDK_500 (MIPSII_FP).ActiveCfg = Release|Win32
		{A2E80FBA-8410-467E-8F0F-E61EA6472E34}.ReleaseNeon|STANDARDSDK_500 (MIPSIV).ActiveCfg = Release|Win32
		{A2E80FBA-8410-467E-8F0F-E61EA6472E34}.ReleaseNeon|STANDARDSDK_500 (MIPSIV_FP).ActiveCfg = Release|Win32
		{A2E80FBA-8410-467E-8F0F-E61EA6472E34}.ReleaseNeon|STANDARDSDK_500 (SH4).ActiveCfg = Release|Win32
		{A2E80FBA-8410-467E-8F0F-E61EA6472E34}.ReleaseNeon|STANDARDSDK_500 (x86).ActiveCfg = Release|Win32
		{A2E80FBA-8410-467E-8F0F-E61EA6472E34}.ReleaseNeon|WCE7_ARMv7_SDK (ARMv4I).ActiveCfg = Release|Win32
		{A2E80FBA-8410-467E-8F0F-E61EA6472E34}.ReleaseNeon|Win32.ActiveCfg = Release|Win32
		{A2E80FBA-8410-467E-8F0F-E61EA6472E34}.ReleaseNeon|Win32.Build.0 = Release|Win32
		{A2E80FBA-8410-467E-8F0F-E61EA6472E34}.SoftwareEncryptionDebug|STANDARDSDK_500 (ARMV4I).ActiveCfg = Debug|Win32
		{A2E80FBA-8410-467E-8F0F-E61EA6472E34}.SoftwareEncryptionDebug|STANDARDSDK_500 (MIPSII).ActiveCfg = Debug|Win32
		{A2E80FBA-8410-467E-8F0F-E61EA6472E34}.SoftwareEncryptionDebug|STANDARDSDK_500 (MIPSII_FP).ActiveCfg = Debug|Win32
		{A2E80FBA-8410-467E-8F0F-E61EA6472E34}.SoftwareEncryptionDebug|STANDARDSDK_500 (MIPSIV).ActiveCfg = Debug|Win32
		{A2E80FBA-8410-467E-8F0F-E61EA6472E34}.SoftwareEncryptionDebug|STANDARDSDK_500 (MIPSIV_FP).ActiveCfg = Debug|Win32
		{A2E80FBA-8410-467E-8F0F-E61EA6472E34}.SoftwareEncryptionDebug|STANDARDSDK_500 (SH4).ActiveCfg = Debug|Win32
		{A2E80FBA-8410-467E-8F0F-E61EA6472E34}.SoftwareEncryptionDebug|STANDARDSDK_500 (x86).ActiveCfg = Debug|Win32
		{A2E80FBA-8410-467E-8F0F-E61EA6472E34}.SoftwareEncryptionDebug|WCE7_ARMv7_SDK (ARMv4I).ActiveCfg = Debug|Win32
		{A2E80FBA-8410-467E-8F0F-E61EA6472E34}.SoftwareEncryptionDebug|Win32.ActiveCfg = Debug|Win32
		{A2E80FBA-8410-467E-8F0F-E61EA6472E34}.SoftwareEncryptionDebug|Win32.Build.0 = Debug|Win32
		{A2E80FBA-8410-467E-8F0F-E61EA6472E34}.SoftwareEncryptionDebugNeon|STANDARDSDK_500 (ARMV4I).ActiveCfg = Debug|Win32
		{A2E80FBA-8410-467E-8F0F-E61EA6472E34}.SoftwareEncryptionDebugNeon|STANDARDSDK_500 (MIPSII).ActiveCfg = Debug|Win32
		{A2E80FBA-8410-467E-8F0F-E61EA6472E34}.SoftwareEncryptionDebugNeon|STANDARDSDK_500 (MIPSII_FP).ActiveCfg = Debug|Win32
		{A2E80FBA-8410-467E-8F0F-E61EA6472E34}.SoftwareEncryptionDebugNeon|STANDARDSDK_500 (MIPSIV).ActiveCfg = Debug|Win32
		{A2E80FBA-8410-467E-8F0F-E61EA6472E34}.SoftwareEncryptionDebugNeon|STANDARDSDK_500 (MIPSIV_FP).ActiveCfg = Debug|Win32
		{A2E80FBA-8410-467E-8F0F-E61EA6472E34}.SoftwareEncryptionDebugNeon|STANDARDSDK_500 (SH4).ActiveCfg = Debug|Win32
		{A2E80FBA-8410-467E-8F0F-E61EA6472E34}.SoftwareEncryptionDebugNeon|STANDARDSDK_500 (x86).ActiveCfg = Debug|Win32
		{A2E80FBA-8410-467E-8F0F-E61EA6472E34}.SoftwareEncryptionDebugNeon|WCE7_ARMv7_SDK (ARMv4I).ActiveCfg = Debug|Win32
		{A2E80FBA-8410-467E-8F0F-E61EA6472E34}.SoftwareEncryptionDebugNeon|Win32.ActiveCfg = Debug|Win32
		{A2E80FBA-8410-467E-8F0F-E61EA6472E34}.SoftwareEncryptionDebugNeon|Win32.Build.0 = Debug|Win32
		{A2E80FBA-8410-467E-8F0F-E61EA6472E34}.SoftwareEncryptionRelease|STANDARDSDK_500 (ARMV4I).ActiveCfg = Release|Win32
		{A2E80FBA-8410-467E-8F0F-E61EA6472E34}.SoftwareEncryptionRelease|STANDARDSDK_500 (MIPSII).ActiveCfg = Release|Win32
		{A2E80FBA-8410-467E-8F0F-E61EA6472E34}.SoftwareEncryptionRelease|STANDARDSDK_500 (MIPSII_FP).ActiveCfg = Release|Win32
		{A2E80FBA-8410-467E-8F0F-E61EA6472E34}.SoftwareEncryptionRelease|STANDARDSDK_500 (MIPSIV).ActiveCfg = Release|Win32
		{A2E80FBA-8410-467E-8F0F-E61EA6472E34}.SoftwareEncryptionRelease|STANDARDSDK_500 (MIPSIV_FP).ActiveCfg = Release|Win32
		{A2E80FBA-8410-467E-8F0F-E61EA6472E34}.SoftwareEncryptionRelease|STANDARDSDK_500 (SH4).ActiveCfg = Release|Win32
		{A2E80FBA-8410-467E-8F0F-E61EA6472E34}.SoftwareEncryptionRelease|STANDARDSDK_500 (x86).ActiveCfg = Release|Win32
		{A2E80FBA-8410-467E-8F0F-E61EA6472E34}.SoftwareEncryptionRelease|WCE7_ARMv7_SDK (ARMv4I).ActiveCfg = Release|Win32
		{A2E80FBA-8410-467E-8F0F-E61EA6472E34}.SoftwareEncryptionRelease|Win32.ActiveCfg = Release|Win32
		{A2E80FBA-8410-467E-8F0F-E61EA6472E34}.SoftwareEncryptionRelease|Win32.Build.0 = Release|Win32
		{A2E80FBA-8410-467E-8F0F-E61EA6472E34}.SoftwareEncryptionReleaseNeon|STANDARDSDK_500 (ARMV4I).ActiveCfg = Release|Win32
		{A2E80FBA-8410-467E-8F0F-E61EA6472E34}.SoftwareEncryptionReleaseNeon|STANDARDSDK_500 (MIPSII).ActiveCfg = Release|Win32
		{A2E80FBA-8410-467E-8F0F-E61EA6472E34}.SoftwareEncryptionReleaseNeon|STANDARDSDK_500 (MIPSII_FP).ActiveCfg = Release|Win32
		{A2E80FBA-8410-467E-8F0F-E61EA6472E34}.SoftwareEncryptionReleaseNeon|STANDARDSDK_500 (MIPSIV).ActiveCfg = Release|Win32
		{A2E80FBA-8410-467E-8F0F-E61EA6472E34}.SoftwareEncryptionReleaseNeon|STANDARDSDK_500 (MIPSIV_FP).ActiveCfg = Release|Win32
		{A2E80FBA-8410-467E-8F0F-E61EA6472E34}.SoftwareEncryptionReleaseNeon|STANDARDSDK_500 (SH4).ActiveCfg = Release|Win32
		{A2E80FBA-8410-467E-8F0F-E61EA6472E34}.SoftwareEncryptionReleaseNeon|STANDARDSDK_500 (x86).ActiveCfg = Release|Win32
		{A2E80FBA-8410-467E-8F0F-E61EA6472E34}.SoftwareEncryptionReleaseNeon|WCE7_ARMv7_SDK (ARMv4I).ActiveCfg = Release|Win32
		{A2E80FBA-8410-467E-8F0F-E61EA6472E34}.SoftwareEncryptionReleaseNeon|Win32.ActiveCfg = Release|Win32
		{A2E80FBA-8410-467E-8F0F-E61EA6472E34}.SoftwareEncryptionReleaseNeon|Win32.Build.0 = Release|Win32
		{FB5F816C-14AA-4C46-B8B2-0B37B78BD3E4}.ChipCryptDebug|STANDARDSDK_500 (ARMV4I).ActiveCfg = ChipCryptDebug|STANDARDSDK_500 (ARMV4I)
		{FB5F816C-14AA-4C46-B8B2-0B37B78BD3E4}.ChipCryptDebug|STANDARDSDK_500 (ARMV4I).Build.0 = ChipCryptDebug|STANDARDSDK_500 (ARMV4I)
		{FB5F816C-14AA-4C46-B8B2-0B37B78BD3E4}.ChipCryptDebug|STANDARDSDK_500 (ARMV4I).Deploy.0 = ChipCryptDebug|STANDARDSDK_500 (ARMV4I)
		{FB5F816C-14AA-4C46-B8B2-0B37B78BD3E4}.ChipCryptDebug|STANDARDSDK_500 (MIPSII).ActiveCfg = ChipCryptDebug|STANDARDSDK_500 (MIPSII)
		{FB5F816C-14AA-4C46-B8B2-0B37B78BD3E4}.ChipCryptDebug|STANDARDSDK_500 (MIPSII).Build.0 = ChipCryptDebug|STANDARDSDK_500 (MIPSII)
		{FB5F816C-14AA-4C46-B8B2-0B37B78BD3E4}.ChipCryptDebug|STANDARDSDK_500 (MIPSII).Deploy.0 = ChipCryptDebug|STANDARDSDK_500 (MIPSII)
		{FB5F816C-14AA-4C46-B8B2-0B37B78BD3E4}.ChipCryptDebug|STANDARDSDK_500 (MIPSII_FP).ActiveCfg = ChipCryptDebug|STANDARDSDK_500 (MIPSII_FP)
		{FB5F816C-14AA-4C46-B8B2-0B37B78BD3E4}.ChipCryptDebug|STANDARDSDK_500 (MIPSII_FP).Build.0 = ChipCryptDebug|STANDARDSDK_500 (MIPSII_FP)
		{FB5F816C-14AA-4C46-B8B2-0B37B78BD3E4}.ChipCryptDebug|STANDARDSDK_500 (MIPSII_FP).Deploy.0 = ChipCryptDebug|STANDARDSDK_500 (MIPSII_FP)
		{FB5F816C-14AA-4C46-B8B2-0B37B78BD3E4}.ChipCryptDebug|STANDARDSDK_500 (MIPSIV).ActiveCfg = ChipCryptDebug|STANDARDSDK_500 (MIPSIV)
		{FB5F816C-14AA-4C46-B8B2-0B37B78BD3E4}.ChipCryptDebug|STANDARDSDK_500 (MIPSIV).Build.0 = ChipCryptDebug|STANDARDSDK_500 (MIPSIV)
		{FB5F816C-14AA-4C46-B8B2-0B37B78BD3E4}.ChipCryptDebug|STANDARDSDK_500 (MIPSIV).Deploy.0 = ChipCryptDebug|STANDARDSDK_500 (MIPSIV)
		{FB5F816C-14AA-4C46-B8B2-0B37B78BD3E4}.ChipCryptDebug|STANDARDSDK_500 (MIPSIV_FP).ActiveCfg = ChipCryptDebug|STANDARDSDK_500 (MIPSIV_FP)
		{FB5F816C-14AA-4C46-B8B2-0B37B78BD3E4}.ChipCryptDebug|STANDARDSDK_500 (MIPSIV_FP).Build.0 = ChipCryptDebug|STANDARDSDK_500 (MIPSIV_FP)
		{FB5F816C-14AA-4C46-B8B2-0B37B78BD3E4}.ChipCryptDebug|STANDARDSDK_500 (MIPSIV_FP).Deploy.0 = ChipCryptDebug|STANDARDSDK_500 (MIPSIV_FP)
		{FB5F816C-14AA-4C46-B8B2-0B37B78BD3E4}.ChipCryptDebug|STANDARDSDK_500 (SH4).ActiveCfg = ChipCryptDebug|STANDARDSDK_500 (SH4)
		{FB5F816C-14AA-4C46-B8B2-0B37B78BD3E4}.ChipCryptDebug|STANDARDSDK_500 (SH4).Build.0 = ChipCryptDebug|STANDARDSDK_500 (SH4)
		{FB5F816C-14AA-4C46-B8B2-0B37B78BD3E4}.ChipCryptDebug|STANDARDSDK_500 (SH4).Deploy.0 = ChipCryptDebug|STANDARDSDK_500 (SH4)
		{FB5F816C-14AA-4C46-B8B2-0B37B78BD3E4}.ChipCryptDebug|STANDARDSDK_500 (x86).ActiveCfg = ChipCryptDebug|STANDARDSDK_500 (x86)
		{FB5F816C-14AA-4C46-B8B2-0B37B78BD3E4}.ChipCryptDebug|STANDARDSDK_500 (x86).Build.0 = ChipCryptDebug|STANDARDSDK_500 (x86)
		{FB5F816C-14AA-4C46-B8B2-0B37B78BD3E4}.ChipCryptDebug|STANDARDSDK_500 (x86).Deploy.0 = ChipCryptDebug|STANDARDSDK_500 (x86)
		{FB5F816C-14AA-4C46-B8B2-0B37B78BD3E4}.ChipCryptDebug|WCE7_ARMv7_SDK (ARMv4I).ActiveCfg = ChipCryptDebug|WCE7_ARMv7_SDK (ARMv4I)
		{FB5F816C-14AA-4C46-B8B2-0B37B78BD3E4}.ChipCryptDebug|WCE7_ARMv7_SDK (ARMv4I).Build.0 = ChipCryptDebug|WCE7_ARMv7_SDK (ARMv4I)
		{FB5F816C-14AA-4C46-B8B2-0B37B78BD3E4}.ChipCryptDebug|WCE7_ARMv7_SDK (ARMv4I).Deploy.0 = ChipCryptDebug|WCE7_ARMv7_SDK (ARMv4I)
		{FB5F816C-14AA-4C46-B8B2-0B37B78BD3E4}.ChipCryptDebug|Win32.ActiveCfg = ChipCryptDebug|Win32
		{FB5F816C-14AA-4C46-B8B2-0B37B78BD3E4}.ChipCryptDebug|Win32.Build.0 = ChipCryptDebug|Win32
		{FB5F816C-14AA-4C46-B8B2-0B37B78BD3E4}.ChipCryptDebugNeon|STANDARDSDK_500 (ARMV4I).ActiveCfg = ChipCryptDebugNeon|STANDARDSDK_500 (ARMV4I)
		{FB5F816C-14AA-4C46-B8B2-0B37B78BD3E4}.ChipCryptDebugNeon|STANDARDSDK_500 (ARMV4I).Build.0 = ChipCryptDebugNeon|STANDARDSDK_500 (ARMV4I)
		{FB5F816C-14AA-4C46-B8B2-0B37B78BD3E4}.ChipCryptDebugNeon|STANDARDSDK_500 (ARMV4I).Deploy.0 = ChipCryptDebugNeon|STANDARDSDK_500 (ARMV4I)
		{FB5F816C-14AA-4C46-B8B2-0B37B78BD3E4}.ChipCryptDebugNeon|STANDARDSDK_500 (MIPSII).ActiveCfg = ChipCryptDebugNeon|STANDARDSDK_500 (MIPSII)
		{FB5F816C-14AA-4C46-B8B2-0B37B78BD3E4}.ChipCryptDebugNeon|STANDARDSDK_500 (MIPSII).Build.0 = ChipCryptDebugNeon|STANDARDSDK_500 (MIPSII)
		{FB5F816C-14AA-4C46-B8B2-0B37B78BD3E4}.ChipCryptDebugNeon|STANDARDSDK_500 (MIPSII).Deploy.0 = ChipCryptDebugNeon|STANDARDSDK_500 (MIPSII)
		{FB5F816C-14AA-4C46-B8B2-0B37B78BD3E4}.ChipCryptDebugNeon|STANDARDSDK_500 (MIPSII_FP).ActiveCfg = ChipCryptDebugNeon|STANDARDSDK_500 (MIPSII_FP)
		{FB5F816C-14AA-4C46-B8B2-0B37B78BD3E4}.ChipCryptDebugNeon|STANDARDSDK_500 (MIPSII_FP).Build.0 = ChipCryptDebugNeon|STANDARDSDK_500 (MIPSII_FP)
		{FB5F816C-14AA-4C46-B8B2-0B37B78BD3E4}.ChipCryptDebugNeon|STANDARDSDK_500 (MIPSII_FP).Deploy.0 = ChipCryptDebugNeon|STANDARDSDK_500 (MIPSII_FP)
		{FB5F816C-14AA-4C46-B8B2-0B37B78BD3E4}.ChipCryptDebugNeon|STANDARDSDK_500 (MIPSIV).ActiveCfg = ChipCryptDebugNeon|STANDARDSDK_500 (MIPSIV)
		{FB5F816C-14AA-4C46-B8B2-0B37B78BD3E4}.ChipCryptDebugNeon|STANDARDSDK_500 (MIPSIV).Build.0 = ChipCryptDebugNeon|STANDARDSDK_500 (MIPSIV)
		{FB5F816C-14AA-4C46-B8B2-0B37B78BD3E4}.ChipCryptDebugNeon|STANDARDSDK_500 (MIPSIV).Deploy.0 = ChipCryptDebugNeon|STANDARDSDK_500 (MIPSIV)
		{FB5F816C-14AA-4C46-B8B2-0B37B78BD3E4}.ChipCryptDebugNeon|STANDARDSDK_500 (MIPSIV_FP).ActiveCfg = ChipCryptDebugNeon|STANDARDSDK_500 (MIPSIV_FP)
		{FB5F816C-14AA-4C46-B8B2-0B37B78BD3E4}.ChipCryptDebugNeon|STANDARDSDK_500 (MIPSIV_FP).Build.0 = ChipCryptDebugNeon|STANDARDSDK_500 (MIPSIV_FP)
		{FB5F816C-14AA-4C46-B8B2-0B37B78BD3E4}.ChipCryptDebugNeon|STANDARDSDK_500 (MIPSIV_FP).Deploy.0 = ChipCryptDebugNeon|STANDARDSDK_500 (MIPSIV_FP)
		{FB5F816C-14AA-4C46-B8B2-0B37B78BD3E4}.ChipCryptDebugNeon|STANDARDSDK_500 (SH4).ActiveCfg = ChipCryptDebugNeon|STANDARDSDK_500 (SH4)
		{FB5F816C-14AA-4C46-B8B2-0B37B78BD3E4}.ChipCryptDebugNeon|STANDARDSDK_500 (SH4).Build.0 = ChipCryptDebugNeon|STANDARDSDK_500 (SH4)
		{FB5F816C-14AA-4C46-B8B2-0B37B78BD3E4}.ChipCryptDebugNeon|STANDARDSDK_500 (SH4).Deploy.0 = ChipCryptDebugNeon|STANDARDSDK_500 (SH4)
		{FB5F816C-14AA-4C46-B8B2-0B37B78BD3E4}.ChipCryptDebugNeon|STANDARDSDK_500 (x86).ActiveCfg = ChipCryptDebugNeon|STANDARDSDK_500 (x86)
		{FB5F816C-14AA-4C46-B8B2-0B37B78BD3E4}.ChipCryptDebugNeon|STANDARDSDK_500 (x86).Build.0 = ChipCryptDebugNeon|STANDARDSDK_500 (x86)
		{FB5F816C-14AA-4C46-B8B2-0B37B78BD3E4}.ChipCryptDebugNeon|STANDARDSDK_500 (x86).Deploy.0 = ChipCryptDebugNeon|STANDARDSDK_500 (x86)
		{FB5F816C-14AA-4C46-B8B2-0B37B78BD3E4}.ChipCryptDebugNeon|WCE7_ARMv7_SDK (ARMv4I).ActiveCfg = ChipCryptDebugNeon|WCE7_ARMv7_SDK (ARMv4I)
		{FB5F816C-14AA-4C46-B8B2-0B37B78BD3E4}.ChipCryptDebugNeon|WCE7_ARMv7_SDK (ARMv4I).Build.0 = ChipCryptDebugNeon|WCE7_ARMv7_SDK (ARMv4I)
		{FB5F816C-14AA-4C46-B8B2-0B37B78BD3E4}.ChipCryptDebugNeon|WCE7_ARMv7_SDK (ARMv4I).Deploy.0 = ChipCryptDebugNeon|WCE7_ARMv7_SDK (ARMv4I)
		{FB5F816C-14AA-4C46-B8B2-0B37B78BD3E4}.ChipCryptDebugNeon|Win32.ActiveCfg = ChipCryptDebugNeon|Win32
		{FB5F816C-14AA-4C46-B8B2-0B37B78BD3E4}.ChipCryptDebugNeon|Win32.Build.0 = ChipCryptDebugNeon|Win32
		{FB5F816C-14AA-4C46-B8B2-0B37B78BD3E4}.ChipCryptRelease|STANDARDSDK_500 (ARMV4I).ActiveCfg = ChipCryptRelease|STANDARDSDK_500 (ARMV4I)
		{FB5F816C-14AA-4C46-B8B2-0B37B78BD3E4}.ChipCryptRelease|STANDARDSDK_500 (ARMV4I).Build.0 = ChipCryptRelease|STANDARDSDK_500 (ARMV4I)
		{FB5F816C-14AA-4C46-B8B2-0B37B78BD3E4}.ChipCryptRelease|STANDARDSDK_500 (ARMV4I).Deploy.0 = ChipCryptRelease|STANDARDSDK_500 (ARMV4I)
		{FB5F816C-14AA-4C46-B8B2-0B37B78BD3E4}.ChipCryptRelease|STANDARDSDK_500 (MIPSII).ActiveCfg = ChipCryptRelease|STANDARDSDK_500 (MIPSII)
		{FB5F816C-14AA-4C46-B8B2-0B37B78BD3E4}.ChipCryptRelease|STANDARDSDK_500 (MIPSII).Build.0 = ChipCryptRelease|STANDARDSDK_500 (MIPSII)
		{FB5F816C-14AA-4C46-B8B2-0B37B78BD3E4}.ChipCryptRelease|STANDARDSDK_500 (MIPSII).Deploy.0 = ChipCryptRelease|STANDARDSDK_500 (MIPSII)
		{FB5F816C-14AA-4C46-B8B2-0B37B78BD3E4}.ChipCryptRelease|STANDARDSDK_500 (MIPSII_FP).ActiveCfg = ChipCryptRelease|STANDARDSDK_500 (MIPSII_FP)
		{FB5F816C-14AA-4C46-B8B2-0B37B78BD3E4}.ChipCryptRelease|STANDARDSDK_500 (MIPSII_FP).Build.0 = ChipCryptRelease|STANDARDSDK_500 (MIPSII_FP)
		{FB5F816C-14AA-4C46-B8B2-0B37B78BD3E4}.ChipCryptRelease|STANDARDSDK_500 (MIPSII_FP).Deploy.0 = ChipCryptRelease|STANDARDSDK_500 (MIPSII_FP)
		{FB5F816C-14AA-4C46-B8B2-0B37B78BD3E4}.ChipCryptRelease|STANDARDSDK_500 (MIPSIV).ActiveCfg = ChipCryptRelease|STANDARDSDK_500 (MIPSIV)
		{FB5F816C-14AA-4C46-B8B2-0B37B78BD3E4}.ChipCryptRelease|STANDARDSDK_500 (MIPSIV).Build.0 = ChipCryptRelease|STANDARDSDK_500 (MIPSIV)
		{FB5F816C-14AA-4C46-B8B2-0B37B78BD3E4}.ChipCryptRelease|STANDARDSDK_500 (MIPSIV).Deploy.0 = ChipCryptRelease|STANDARDSDK_500 (MIPSIV)
		{FB5F816C-14AA-4C46-B8B2-0B37B78BD3E4}.ChipCryptRelease|STANDARDSDK_500 (MIPSIV_FP).ActiveCfg = ChipCryptRelease|STANDARDSDK_500 (MIPSIV_FP)
		{FB5F816C-14AA-4C46-B8B2-0B37B78BD3E4}.ChipCryptRelease|STANDARDSDK_500 (MIPSIV_FP).Build.0 = ChipCryptRelease|STANDARDSDK_500 (MIPSIV_FP)
		{FB5F816C-14AA-4C46-B8B2-0B37B78BD3E4}.ChipCryptRelease|STANDARDSDK_500 (MIPSIV_FP).Deploy.0 = ChipCryptRelease|STANDARDSDK_500 (MIPSIV_FP)
		{FB5F816C-14AA-4C46-B8B2-0B37B78BD3E4}.ChipCryptRelease|STANDARDSDK_500 (SH4).ActiveCfg = ChipCryptRelease|STANDARDSDK_500 (SH4)
		{FB5F816C-14AA-4C46-B8B2-0B37B78BD3E4}.ChipCryptRelease|STANDARDSDK_500 (SH4).Build.0 = ChipCryptRelease|STANDARDSDK_500 (SH4)
		{FB5F816C-14AA-4C46-B8B2-0B37B78BD3E4}.ChipCryptRelease|STANDARDSDK_500 (SH4).Deploy.0 = ChipCryptRelease|STANDARDSDK_500 (SH4)
		{FB5F816C-14AA-4C46-B8B2-0B37B78BD3E4}.ChipCryptRelease|STANDARDSDK_500 (x86).ActiveCfg = ChipCryptRelease|STANDARDSDK_500 (x86)
		{FB5F816C-14AA-4C46-B8B2-0B37B78BD3E4}.ChipCryptRelease|STANDARDSDK_500 (x86).Build.0 = ChipCryptRelease|STANDARDSDK_500 (x86)
		{FB5F816C-14AA-4C46-B8B2-0B37B78BD3E4}.ChipCryptRelease|STANDARDSDK_500 (x86).Deploy.0 = ChipCryptRelease|STANDARDSDK_500 (x86)
		{FB5F816C-14AA-4C46-B8B2-0B37B78BD3E4}.ChipCryptRelease|WCE7_ARMv7_SDK (ARMv4I).ActiveCfg = ChipCryptRelease|WCE7_ARMv7_SDK (ARMv4I)
		{FB5F816C-14AA-4C46-B8B2-0B37B78BD3E4}.ChipCryptRelease|WCE7_ARMv7_SDK (ARMv4I).Build.0 = ChipCryptRelease|WCE7_ARMv7_SDK (ARMv4I)
		{FB5F816C-14AA-4C46-B8B2-0B37B78BD3E4}.ChipCryptRelease|WCE7_ARMv7_SDK (ARMv4I).Deploy.0 = ChipCryptRelease|WCE7_ARMv7_SDK (ARMv4I)
		{FB5F816C-14AA-4C46-B8B2-0B37B78BD3E4}.ChipCryptRelease|Win32.ActiveCfg = ChipCryptRelease|Win32
		{FB5F816C-14AA-4C46-B8B2-0B37B78BD3E4}.ChipCryptRelease|Win32.Build.0 = ChipCryptRelease|Win32
		{FB5F816C-14AA-4C46-B8B2-0B37B78BD3E4}.ChipCryptReleaseNeon|STANDARDSDK_500 (ARMV4I).ActiveCfg = ChipCryptReleaseNeon|STANDARDSDK_500 (ARMV4I)
		{FB5F816C-14AA-4C46-B8B2-0B37B78BD3E4}.ChipCryptReleaseNeon|STANDARDSDK_500 (ARMV4I).Build.0 = ChipCryptReleaseNeon|STANDARDSDK_500 (ARMV4I)
		{FB5F816C-14AA-4C46-B8B2-0B37B78BD3E4}.ChipCryptReleaseNeon|STANDARDSDK_500 (ARMV4I).Deploy.0 = ChipCryptReleaseNeon|STANDARDSDK_500 (ARMV4I)
		{FB5F816C-14AA-4C46-B8B2-0B37B78BD3E4}.ChipCryptReleaseNeon|STANDARDSDK_500 (MIPSII).ActiveCfg = ChipCryptReleaseNeon|STANDARDSDK_500 (MIPSII)
		{FB5F816C-14AA-4C46-B8B2-0B37B78BD3E4}.ChipCryptReleaseNeon|STANDARDSDK_500 (MIPSII).Build.0 = ChipCryptReleaseNeon|STANDARDSDK_500 (MIPSII)
		{FB5F816C-14AA-4C46-B8B2-0B37B78BD3E4}.ChipCryptReleaseNeon|STANDARDSDK_500 (MIPSII).Deploy.0 = ChipCryptReleaseNeon|STANDARDSDK_500 (MIPSII)
		{FB5F816C-14AA-4C46-B8B2-0B37B78BD3E4}.ChipCryptReleaseNeon|STANDARDSDK_500 (MIPSII_FP).ActiveCfg = ChipCryptReleaseNeon|STANDARDSDK_500 (MIPSII_FP)
		{FB5F816C-14AA-4C46-B8B2-0B37B78BD3E4}.ChipCryptReleaseNeon|STANDARDSDK_500 (MIPSII_FP).Build.0 = ChipCryptReleaseNeon|STANDARDSDK_500 (MIPSII_FP)
		{FB5F816C-14AA-4C46-B8B2-0B37B78BD3E4}.ChipCryptReleaseNeon|STANDARDSDK_500 (MIPSII_FP).Deploy.0 = ChipCryptReleaseNeon|STANDARDSDK_500 (MIPSII_FP)
		{FB5F816C-14AA-4C46-B8B2-0B37B78BD3E4}.ChipCryptReleaseNeon|STANDARDSDK_500 (MIPSIV).ActiveCfg = ChipCryptReleaseNeon|STANDARDSDK_500 (MIPSIV)
		{FB5F816C-14AA-4C46-B8B2-0B37B78BD3E4}.ChipCryptReleaseNeon|STANDARDSDK_500 (MIPSIV).Build.0 = ChipCryptReleaseNeon|STANDARDSDK_500 (MIPSIV)
		{FB5F816C-14AA-4C46-B8B2-0B37B78BD3E4}.ChipCryptReleaseNeon|STANDARDSDK_500 (MIPSIV).Deploy.0 = ChipCryptReleaseNeon|STANDARDSDK_500 (MIPSIV)
		{FB5F816C-14AA-4C46-B8B2-0B37B78BD3E4}.ChipCryptReleaseNeon|STANDARDSDK_500 (MIPSIV_FP).ActiveCfg = ChipCryptReleaseNeon|STANDARDSDK_500 (MIPSIV_FP)
		{FB5F816C-14AA-4C46-B8B2-0B37B78BD3E4}.ChipCryptReleaseNeon|STANDARDSDK_500 (MIPSIV_FP).Build.0 = ChipCryptReleaseNeon|STANDARDSDK_500 (MIPSIV_FP)
		{FB5F816C-14AA-4C46-B8B2-0B37B78BD3E4}.ChipCryptReleaseNeon|STANDARDSDK_500 (MIPSIV_FP).Deploy.0 = ChipCryptReleaseNeon|STANDARDSDK_500 (MIPSIV_FP)
		{FB5F816C-14AA-4C46-B8B2-0B37B78BD3E4}.ChipCryptReleaseNeon|STANDARDSDK_500 (SH4).ActiveCfg = ChipCryptReleaseNeon|STANDARDSDK_500 (SH4)
		{FB5F816C-14AA-4C46-B8B2-0B37B78BD3E4}.ChipCryptReleaseNeon|STANDARDSDK_500 (SH4).Build.0 = ChipCryptReleaseNeon|STANDARDSDK_500 (SH4)
		{FB5F816C-14AA-4C46-B8B2-0B37B78BD3E4}.ChipCryptReleaseNeon|STANDARDSDK_500 (SH4).Deploy.0 = ChipCryptReleaseNeon|STANDARDSDK_500 (SH4)
		{FB5F816C-14AA-4C46-B8B2-0B37B78BD3E4}.ChipCryptReleaseNeon|STANDARDSDK_500 (x86).ActiveCfg = ChipCryptReleaseNeon|STANDARDSDK_500 (x86)
		{FB5F816C-14AA-4C46-B8B2-0B37B78BD3E4}.ChipCryptReleaseNeon|STANDARDSDK_500 (x86).Build.0 = ChipCryptReleaseNeon|STANDARDSDK_500 (x86)
		{FB5F816C-14AA-4C46-B8B2-0B37B78BD3E4}.ChipCryptReleaseNeon|STANDARDSDK_500 (x86).Deploy.0 = ChipCryptReleaseNeon|STANDARDSDK_500 (x86)
		{FB5F816C-14AA-4C46-B8B2-0B37B78BD3E4}.ChipCryptReleaseNeon|WCE7_ARMv7_SDK (ARMv4I).ActiveCfg = ChipCryptReleaseNeon|WCE7_ARMv7_SDK (ARMv4I)
		{FB5F816C-14AA-4C46-B8B2-0B37B78BD3E4}.ChipCryptReleaseNeon|WCE7_ARMv7_SDK (ARMv4I).Build.0 = ChipCryptReleaseNeon|WCE7_ARMv7_SDK (ARMv4I)
		{FB5F816C-14AA-4C46-B8B2-0B37B78BD3E4}.ChipCryptReleaseNeon|WCE7_ARMv7_SDK (ARMv4I).Deploy.0 = ChipCryptReleaseNeon|WCE7_ARMv7_SDK (ARMv4I)
		{FB5F816C-14AA-4C46-B8B2-0B37B78BD3E4}.ChipCryptReleaseNeon|Win32.ActiveCfg = ChipCryptReleaseNeon|Win32
		{FB5F816C-14AA-4C46-B8B2-0B37B78BD3E4}.ChipCryptReleaseNeon|Win32.Build.0 = ChipCryptReleaseNeon|Win32
		{FB5F816C-14AA-4C46-B8B2-0B37B78BD3E4}.Debug|STANDARDSDK_500 (ARMV4I).ActiveCfg = Debug|STANDARDSDK_500 (ARMV4I)
		{FB5F816C-14AA-4C46-B8B2-0B37B78BD3E4}.Debug|STANDARDSDK_500 (ARMV4I).Build.0 = Debug|STANDARDSDK_500 (ARMV4I)
		{FB5F816C-14AA-4C46-B8B2-0B37B78BD3E4}.Debug|STANDARDSDK_500 (ARMV4I).Deploy.0 = Debug|STANDARDSDK_500 (ARMV4I)
		{FB5F816C-14AA-4C46-B8B2-0B37B78BD3E4}.Debug|STANDARDSDK_500 (MIPSII).ActiveCfg = Debug|STANDARDSDK_500 (MIPSII)
		{FB5F816C-14AA-4C46-B8B2-0B37B78BD3E4}.Debug|STANDARDSDK_500 (MIPSII).Build.0 = Debug|STANDARDSDK_500 (MIPSII)
		{FB5F816C-14AA-4C46-B8B2-0B37B78BD3E4}.Debug|STANDARDSDK_500 (MIPSII).Deploy.0 = Debug|STANDARDSDK_500 (MIPSII)
		{FB5F816C-14AA-4C46-B8B2-0B37B78BD3E4}.Debug|STANDARDSDK_500 (MIPSII_FP).ActiveCfg = Debug|STANDARDSDK_500 (MIPSII_FP)
		{FB5F816C-14AA-4C46-B8B2-0B37B78BD3E4}.Debug|STANDARDSDK_500 (MIPSII_FP).Build.0 = Debug|STANDARDSDK_500 (MIPSII_FP)
		{FB5F816C-14AA-4C46-B8B2-0B37B78BD3E4}.Debug|STANDARDSDK_500 (MIPSII_FP).Deploy.0 = Debug|STANDARDSDK_500 (MIPSII_FP)
		{FB5F816C-14AA-4C46-B8B2-0B37B78BD3E4}.Debug|STANDARDSDK_500 (MIPSIV).ActiveCfg = Debug|STANDARDSDK_500 (MIPSIV)
		{FB5F816C-14AA-4C46-B8B2-0B37B78BD3E4}.Debug|STANDARDSDK_500 (MIPSIV).Build.0 = Debug|STANDARDSDK_500 (MIPSIV)
		{FB5F816C-14AA-4C46-B8B2-0B37B78BD3E4}.Debug|STANDARDSDK_500 (MIPSIV).Deploy.0 = Debug|STANDARDSDK_500 (MIPSIV)
		{FB5F816C-14AA-4C46-B8B2-0B37B78BD3E4}.Debug|STANDARDSDK_500 (MIPSIV_FP).ActiveCfg = Debug|STANDARDSDK_500 (MIPSIV_FP)
		{FB5F816C-14AA-4C46-B8B2-0B37B78BD3E4}.Debug|STANDARDSDK_500 (MIPSIV_FP).Build.0 = Debug|STANDARDSDK_500 (MIPSIV_FP)
		{FB5F816C-14AA-4C46-B8B2-0B37B78BD3E4}.Debug|STANDARDSDK_500 (MIPSIV_FP).Deploy.0 = Debug|STANDARDSDK_500 (MIPSIV_FP)
		{FB5F816C-14AA-4C46-B8B2-0B37B78BD3E4}.Debug|STANDARDSDK_500 (SH4).ActiveCfg = Debug|STANDARDSDK_500 (SH4)
		{FB5F816C-14AA-4C46-B8B2-0B37B78BD3E4}.Debug|STANDARDSDK_500 (SH4).Build.0 = Debug|STANDARDSDK_500 (SH4)
		{FB5F816C-14AA-4C46-B8B2-0B37B78BD3E4}.Debug|STANDARDSDK_500 (SH4).Deploy.0 = Debug|STANDARDSDK_500 (SH4)
		{FB5F816C-14AA-4C46-B8B2-0B37B78BD3E4}.Debug|STANDARDSDK_500 (x86).ActiveCfg = Debug|STANDARDSDK_500 (x86)
		{FB5F816C-14AA-4C46-B8B2-0B37B78BD3E4}.Debug|STANDARDSDK_500 (x86).Build.0 = Debug|STANDARDSDK_500 (x86)
		{FB5F816C-14AA-4C46-B8B2-0B37B78BD3E4}.Debug|STANDARDSDK_500 (x86).Deploy.0 = Debug|STANDARDSDK_500 (x86)
		{FB5F816C-14AA-4C46-B8B2-0B37B78BD3E4}.Debug|WCE7_ARMv7_SDK (ARMv4I).ActiveCfg = Debug|WCE7_ARMv7_SDK (ARMv4I)
		{FB5F816C-14AA-4C46-B8B2-0B37B78BD3E4}.Debug|WCE7_ARMv7_SDK (ARMv4I).Build.0 = Debug|WCE7_ARMv7_SDK (ARMv4I)
		{FB5F816C-14AA-4C46-B8B2-0B37B78BD3E4}.Debug|WCE7_ARMv7_SDK (ARMv4I).Deploy.0 = Debug|WCE7_ARMv7_SDK (ARMv4I)
		{FB5F816C-14AA-4C46-B8B2-0B37B78BD3E4}.Debug|Win32.ActiveCfg = Debug|Win32
		{FB5F816C-14AA-4C46-B8B2-0B37B78BD3E4}.Debug|Win32.Build.0 = Debug|Win32
		{FB5F816C-14AA-4C46-B8B2-0B37B78BD3E4}.DebugNeon|STANDARDSDK_500 (ARMV4I).ActiveCfg = DebugNeon|STANDARDSDK_500 (ARMV4I)
		{FB5F816C-14AA-4C46-B8B2-0B37B78BD3E4}.DebugNeon|STANDARDSDK_500 (ARMV4I).Build.0 = DebugNeon|STANDARDSDK_500 (ARMV4I)
		{FB5F816C-14AA-4C46-B8B2-0B37B78BD3E4}.DebugNeon|STANDARDSDK_500 (ARMV4I).Deploy.0 = DebugNeon|STANDARDSDK_500 (ARMV4I)
		{FB5F816C-14AA-4C46-B8B2-0B37B78BD3E4}.DebugNeon|STANDARDSDK_500 (MIPSII).ActiveCfg = DebugNeon|STANDARDSDK_500 (MIPSII)
		{FB5F816C-14AA-4C46-B8B2-0B37B78BD3E4}.DebugNeon|STANDARDSDK_500 (MIPSII).Build.0 = DebugNeon|STANDARDSDK_500 (MIPSII)
		{FB5F816C-14AA-4C46-B8B2-0B37B78BD3E4}.DebugNeon|STANDARDSDK_500 (MIPSII).Deploy.0 = DebugNeon|STANDARDSDK_500 (MIPSII)
		{FB5F816C-14AA-4C46-B8B2-0B37B78BD3E4}.DebugNeon|STANDARDSDK_500 (MIPSII_FP).ActiveCfg = DebugNeon|STANDARDSDK_500 (MIPSII_FP)
		{FB5F816C-14AA-4C46-B8B2-0B37B78BD3E4}.DebugNeon|STANDARDSDK_500 (MIPSII_FP).Build.0 = DebugNeon|STANDARDSDK_500 (MIPSII_FP)
		{FB5F816C-14AA-4C46-B8B2-0B37B78BD3E4}.DebugNeon|STANDARDSDK_500 (MIPSII_FP).Deploy.0 = DebugNeon|STANDARDSDK_500 (MIPSII_FP)
		{FB5F816C-14AA-4C46-B8B2-0B37B78BD3E4}.DebugNeon|STANDARDSDK_500 (MIPSIV).ActiveCfg = DebugNeon|STANDARDSDK_500 (MIPSIV)
		{FB5F816C-14AA-4C46-B8B2-0B37B78BD3E4}.DebugNeon|STANDARDSDK_500 (MIPSIV).Build.0 = DebugNeon|STANDARDSDK_500 (MIPSIV)
		{FB5F816C-14AA-4C46-B8B2-0B37B78BD3E4}.DebugNeon|STANDARDSDK_500 (MIPSIV).Deploy.0 = DebugNeon|STANDARDSDK_500 (MIPSIV)
		{FB5F816C-14AA-4C46-B8B2-0B37B78BD3E4}.DebugNeon|STANDARDSDK_500 (MIPSIV_FP).ActiveCfg = DebugNeon|STANDARDSDK_500 (MIPSIV_FP)
		{FB5F816C-14AA-4C46-B8B2-0B37B78BD3E4}.DebugNeon|STANDARDSDK_500 (MIPSIV_FP).Build.0 = DebugNeon|STANDARDSDK_500 (MIPSIV_FP)
		{FB5F816C-14AA-4C46-B8B2-0B37B78BD3E4}.DebugNeon|STANDARDSDK_500 (MIPSIV_FP).Deploy.0 = DebugNeon|STANDARDSDK_500 (MIPSIV_FP)
		{FB5F816C-14AA-4C46-B8B2-0B37B78BD3E4}.DebugNeon|STANDARDSDK_500 (SH4).ActiveCfg = DebugNeon|STANDARDSDK_500 (SH4)
		{FB5F816C-14AA-4C46-B8B2-0B37B78BD3E4}.DebugNeon|STANDARDSDK_500 (SH4).Build.0 = DebugNeon|STANDARDSDK_500 (SH4)
		{FB5F816C-14AA-4C46-B8B2-0B37B78BD3E4}.DebugNeon|STANDARDSDK_500 (SH4).Deploy.0 = DebugNeon|STANDARDSDK_500 (SH4)
		{FB5F816C-14AA-4C46-B8B2-0B37B78BD3E4}.DebugNeon|STANDARDSDK_500 (x86).ActiveCfg = DebugNeon|STANDARDSDK_500 (x86)
		{FB5F816C-14AA-4C46-B8B2-0B37B78BD3E4}.DebugNeon|STANDARDSDK_500 (x86).Build.0 = DebugNeon|STANDARDSDK_500 (x86)
		{FB5F816C-14AA-4C46-B8B2-0B37B78BD3E4}.DebugNeon|STANDARDSDK_500 (x86).Deploy.0 = DebugNeon|STANDARDSDK_500 (x86)
		{FB5F816C-14AA-4C46-B8B2-0B37B78BD3E4}.DebugNeon|WCE7_ARMv7_SDK (ARMv4I).ActiveCfg = DebugNeon|WCE7_ARMv7_SDK (ARMv4I)
		{FB5F816C-14AA-4C46-B8B2-0B37B78BD3E4}.DebugNeon|WCE7_ARMv7_SDK (ARMv4I).Build.0 = DebugNeon|WCE7_ARMv7_SDK (ARMv4I)
		{FB5F816C-14AA-4C46-B8B2-0B37B78BD3E4}.DebugNeon|WCE7_ARMv7_SDK (ARMv4I).Deploy.0 = DebugNeon|WCE7_ARMv7_SDK (ARMv4I)
		{FB5F816C-14AA-4C46-B8B2-0B37B78BD3E4}.DebugNeon|Win32.ActiveCfg = DebugNeon|Win32
		{FB5F816C-14AA-4C46-B8B2-0B37B78BD3E4}.DebugNeon|Win32.Build.0 = DebugNeon|Win32
		{FB5F816C-14AA-4C46-B8B2-0B37B78BD3E4}.HardwareEncryptionDebug|STANDARDSDK_500 (ARMV4I).ActiveCfg = HardwareEncryptionDebug|STANDARDSDK_500 (ARMV4I)
		{FB5F816C-14AA-4C46-B8B2-0B37B78BD3E4}.HardwareEncryptionDebug|STANDARDSDK_500 (ARMV4I).Build.0 = HardwareEncryptionDebug|STANDARDSDK_500 (ARMV4I)
		{FB5F816C-14AA-4C46-B8B2-0B37B78BD3E4}.HardwareEncryptionDebug|STANDARDSDK_500 (ARMV4I).Deploy.0 = HardwareEncryptionDebug|STANDARDSDK_500 (ARMV4I)
		{FB5F816C-14AA-4C46-B8B2-0B37B78BD3E4}.HardwareEncryptionDebug|STANDARDSDK_500 (MIPSII).ActiveCfg = HardwareEncryptionDebug|STANDARDSDK_500 (MIPSII)
		{FB5F816C-14AA-4C46-B8B2-0B37B78BD3E4}.HardwareEncryptionDebug|STANDARDSDK_500 (MIPSII).Build.0 = HardwareEncryptionDebug|STANDARDSDK_500 (MIPSII)
		{FB5F816C-14AA-4C46-B8B2-0B37B78BD3E4}.HardwareEncryptionDebug|STANDARDSDK_500 (MIPSII).Deploy.0 = HardwareEncryptionDebug|STANDARDSDK_500 (MIPSII)
		{FB5F816C-14AA-4C46-B8B2-0B37B78BD3E4}.HardwareEncryptionDebug|STANDARDSDK_500 (MIPSII_FP).ActiveCfg = HardwareEncryptionDebug|STANDARDSDK_500 (MIPSII_FP)
		{FB5F816C-14AA-4C46-B8B2-0B37B78BD3E4}.HardwareEncryptionDebug|STANDARDSDK_500 (MIPSII_FP).Build.0 = HardwareEncryptionDebug|STANDARDSDK_500 (MIPSII_FP)
		{FB5F816C-14AA-4C46-B8B2-0B37B78BD3E4}.HardwareEncryptionDebug|STANDARDSDK_500 (MIPSII_FP).Deploy.0 = HardwareEncryptionDebug|STANDARDSDK_500 (MIPSII_FP)
		{FB5F816C-14AA-4C46-B8B2-0B37B78BD3E4}.HardwareEncryptionDebug|STANDARDSDK_500 (MIPSIV).ActiveCfg = HardwareEncryptionDebug|STANDARDSDK_500 (MIPSIV)
		{FB5F816C-14AA-4C46-B8B2-0B37B78BD3E4}.HardwareEncryptionDebug|STANDARDSDK_500 (MIPSIV).Build.0 = HardwareEncryptionDebug|STANDARDSDK_500 (MIPSIV)
		{FB5F816C-14AA-4C46-B8B2-0B37B78BD3E4}.HardwareEncryptionDebug|STANDARDSDK_500 (MIPSIV).Deploy.0 = HardwareEncryptionDebug|STANDARDSDK_500 (MIPSIV)
		{FB5F816C-14AA-4C46-B8B2-0B37B78BD3E4}.HardwareEncryptionDebug|STANDARDSDK_500 (MIPSIV_FP).ActiveCfg = HardwareEncryptionDebug|STANDARDSDK_500 (MIPSIV_FP)
		{FB5F816C-14AA-4C46-B8B2-0B37B78BD3E4}.HardwareEncryptionDebug|STANDARDSDK_500 (MIPSIV_FP).Build.0 = HardwareEncryptionDebug|STANDARDSDK_500 (MIPSIV_FP)
		{FB5F816C-14AA-4C46-B8B2-0B37B78BD3E4}.HardwareEncryptionDebug|STANDARDSDK_500 (MIPSIV_FP).Deploy.0 = HardwareEncryptionDebug|STANDARDSDK_500 (MIPSIV_FP)
		{FB5F816C-14AA-4C46-B8B2-0B37B78BD3E4}.HardwareEncryptionDebug|STANDARDSDK_500 (SH4).ActiveCfg = HardwareEncryptionDebug|STANDARDSDK_500 (SH4)
		{FB5F816C-14AA-4C46-B8B2-0B37B78BD3E4}.HardwareEncryptionDebug|STANDARDSDK_500 (SH4).Build.0 = HardwareEncryptionDebug|STANDARDSDK_500 (SH4)
		{FB5F816C-14AA-4C46-B8B2-0B37B78BD3E4}.HardwareEncryptionDebug|STANDARDSDK_500 (SH4).Deploy.0 = HardwareEncryptionDebug|STANDARDSDK_500 (SH4)
		{FB5F816C-14AA-4C46-B8B2-0B37B78BD3E4}.HardwareEncryptionDebug|STANDARDSDK_500 (x86).ActiveCfg = HardwareEncryptionDebug|STANDARDSDK_500 (x86)
		{FB5F816C-14AA-4C46-B8B2-0B37B78BD3E4}.HardwareEncryptionDebug|STANDARDSDK_500 (x86).Build.0 = HardwareEncryptionDebug|STANDARDSDK_500 (x86)
		{FB5F816C-14AA-4C46-B8B2-0B37B78BD3E4}.HardwareEncryptionDebug|STANDARDSDK_500 (x86).Deploy.0 = HardwareEncryptionDebug|STANDARDSDK_500 (x86)
		{FB5F816C-14AA-4C46-B8B2-0B37B78BD3E4}.HardwareEncryptionDebug|WCE7_ARMv7_SDK (ARMv4I).ActiveCfg = HardwareEncryptionDebug|WCE7_ARMv7_SDK (ARMv4I)
		{FB5F816C-14AA-4C46-B8B2-0B37B78BD3E4}.HardwareEncryptionDebug|WCE7_ARMv7_SDK (ARMv4I).Build.0 = HardwareEncryptionDebug|WCE7_ARMv7_SDK (ARMv4I)
		{FB5F816C-14AA-4C46-B8B2-0B37B78BD3E4}.HardwareEncryptionDebug|WCE7_ARMv7_SDK (ARMv4I).Deploy.0 = HardwareEncryptionDebug|WCE7_ARMv7_SDK (ARMv4I)
		{FB5F816C-14AA-4C46-B8B2-0B37B78BD3E4}.HardwareEncryptionDebug|Win32.ActiveCfg = HardwareEncryptionDebug|Win32
		{FB5F816C-14AA-4C46-B8B2-0B37B78BD3E4}.HardwareEncryptionDebug|Win32.Build.0 = HardwareEncryptionDebug|Win32
		{FB5F816C-14AA-4C46-B8B2-0B37B78BD3E4}.HardwareEncryptionDebugNeon|STANDARDSDK_500 (ARMV4I).ActiveCfg = HardwareEncryptionDebugNeon|STANDARDSDK_500 (ARMV4I)
		{FB5F816C-14AA-4C46-B8B2-0B37B78BD3E4}.HardwareEncryptionDebugNeon|STANDARDSDK_500 (ARMV4I).Build.0 = HardwareEncryptionDebugNeon|STANDARDSDK_500 (ARMV4I)
		{FB5F816C-14AA-4C46-B8B2-0B37B78BD3E4}.HardwareEncryptionDebugNeon|STANDARDSDK_500 (ARMV4I).Deploy.0 = HardwareEncryptionDebugNeon|STANDARDSDK_500 (ARMV4I)
		{FB5F816C-14AA-4C46-B8B2-0B37B78BD3E4}.HardwareEncryptionDebugNeon|STANDARDSDK_500 (MIPSII).ActiveCfg = HardwareEncryptionDebugNeon|STANDARDSDK_500 (MIPSII)
		{FB5F816C-14AA-4C46-B8B2-0B37B78BD3E4}.HardwareEncryptionDebugNeon|STANDARDSDK_500 (MIPSII).Build.0 = HardwareEncryptionDebugNeon|STANDARDSDK_500 (MIPSII)
		{FB5F816C-14AA-4C46-B8B2-0B37B78BD3E4}.HardwareEncryptionDebugNeon|STANDARDSDK_500 (MIPSII).Deploy.0 = HardwareEncryptionDebugNeon|STANDARDSDK_500 (MIPSII)
		{FB5F816C-14AA-4C46-B8B2-0B37B78BD3E4}.HardwareEncryptionDebugNeon|STANDARDSDK_500 (MIPSII_FP).ActiveCfg = HardwareEncryptionDebugNeon|STANDARDSDK_500 (MIPSII_FP)
		{FB5F816C-14AA-4C46-B8B2-0B37B78BD3E4}.HardwareEncryptionDebugNeon|STANDARDSDK_500 (MIPSII_FP).Build.0 = HardwareEncryptionDebugNeon|STANDARDSDK_500 (MIPSII_FP)
		{FB5F816C-14AA-4C46-B8B2-0B37B78BD3E4}.HardwareEncryptionDebugNeon|STANDARDSDK_500 (MIPSII_FP).Deploy.0 = HardwareEncryptionDebugNeon|STANDARDSDK_500 (MIPSII_FP)
		{FB5F816C-14AA-4C46-B8B2-0B37B78BD3E4}.HardwareEncryptionDebugNeon|STANDARDSDK_500 (MIPSIV).ActiveCfg = HardwareEncryptionDebugNeon|STANDARDSDK_500 (MIPSIV)
		{FB5F816C-14AA-4C46-B8B2-0B37B78BD3E4}.HardwareEncryptionDebugNeon|STANDARDSDK_500 (MIPSIV).Build.0 = HardwareEncryptionDebugNeon|STANDARDSDK_500 (MIPSIV)
		{FB5F816C-14AA-4C46-B8B2-0B37B78BD3E4}.HardwareEncryptionDebugNeon|STANDARDSDK_500 (MIPSIV).Deploy.0 = HardwareEncryptionDebugNeon|STANDARDSDK_500 (MIPSIV)
		{FB5F816C-14AA-4C46-B8B2-0B37B78BD3E4}.HardwareEncryptionDebugNeon|STANDARDSDK_500 (MIPSIV_FP).ActiveCfg = HardwareEncryptionDebugNeon|STANDARDSDK_500 (MIPSIV_FP)
		{FB5F816C-14AA-4C46-B8B2-0B37B78BD3E4}.HardwareEncryptionDebugNeon|STANDARDSDK_500 (MIPSIV_FP).Build.0 = HardwareEncryptionDebugNeon|STANDARDSDK_500 (MIPSIV_FP)
		{FB5F816C-14AA-4C46-B8B2-0B37B78BD3E4}.HardwareEncryptionDebugNeon|STANDARDSDK_500 (MIPSIV_FP).Deploy.0 = HardwareEncryptionDebugNeon|STANDARDSDK_500 (MIPSIV_FP)
		{FB5F816C-14AA-4C46-B8B2-0B37B78BD3E4}.HardwareEncryptionDebugNeon|STANDARDSDK_500 (SH4).ActiveCfg = HardwareEncryptionDebugNeon|STANDARDSDK_500 (SH4)
		{FB5F816C-14AA-4C46-B8B2-0B37B78BD3E4}.HardwareEncryptionDebugNeon|STANDARDSDK_500 (SH4).Build.0 = HardwareEncryptionDebugNeon|STANDARDSDK_500 (SH4)
		{FB5F816C-14AA-4C46-B8B2-0B37B78BD3E4}.HardwareEncryptionDebugNeon|STANDARDSDK_500 (SH4).Deploy.0 = HardwareEncryptionDebugNeon|STANDARDSDK_500 (SH4)
		{FB5F816C-14AA-4C46-B8B2-0B37B78BD3E4}.HardwareEncryptionDebugNeon|STANDARDSDK_500 (x86).ActiveCfg = HardwareEncryptionDebugNeon|STANDARDSDK_500 (x86)
		{FB5F816C-14AA-4C46-B8B2-0B37B78BD3E4}.HardwareEncryptionDebugNeon|STANDARDSDK_500 (x86).Build.0 = HardwareEncryptionDebugNeon|STANDARDSDK_500 (x86)
		{FB5F816C-14AA-4C46-B8B2-0B37B78BD3E4}.HardwareEncryptionDebugNeon|STANDARDSDK_500 (x86).Deploy.0 = HardwareEncryptionDebugNeon|STANDARDSDK_500 (x86)
		{FB5F816C-14AA-4C46-B8B2-0B37B78BD3E4}.HardwareEncryptionDebugNeon|WCE7_ARMv7_SDK (ARMv4I).ActiveCfg = HardwareEncryptionDebugNeon|WCE7_ARMv7_SDK (ARMv4I)
		{FB5F816C-14AA-4C46-B8B2-0B37B78BD3E4}.HardwareEncryptionDebugNeon|WCE7_ARMv7_SDK (ARMv4I).Build.0 = HardwareEncryptionDebugNeon|WCE7_ARMv7_SDK (ARMv4I)
		{FB5F816C-14AA-4C46-B8B2-0B37B78BD3E4}.HardwareEncryptionDebugNeon|WCE7_ARMv7_SDK (ARMv4I).Deploy.0 = HardwareEncryptionDebugNeon|WCE7_ARMv7_SDK (ARMv4I)
		{FB5F816C-14AA-4C46-B8B2-0B37B78BD3E4}.HardwareEncryptionDebugNeon|Win32.ActiveCfg = HardwareEncryptionDebugNeon|Win32
		{FB5F816C-14AA-4C46-B8B2-0B37B78BD3E4}.HardwareEncryptionDebugNeon|Win32.Build.0 = HardwareEncryptionDebugNeon|Win32
		{FB5F816C-14AA-4C46-B8B2-0B37B78BD3E4}.HardwareEncryptionRelease|STANDARDSDK_500 (ARMV4I).ActiveCfg = HardwareEncryptionRelease|STANDARDSDK_500 (ARMV4I)
		{FB5F816C-14AA-4C46-B8B2-0B37B78BD3E4}.HardwareEncryptionRelease|STANDARDSDK_500 (ARMV4I).Build.0 = HardwareEncryptionRelease|STANDARDSDK_500 (ARMV4I)
		{FB5F816C-14AA-4C46-B8B2-0B37B78BD3E4}.HardwareEncryptionRelease|STANDARDSDK_500 (ARMV4I).Deploy.0 = HardwareEncryptionRelease|STANDARDSDK_500 (ARMV4I)
		{FB5F816C-14AA-4C46-B8B2-0B37B78BD3E4}.HardwareEncryptionRelease|STANDARDSDK_500 (MIPSII).ActiveCfg = HardwareEncryptionRelease|STANDARDSDK_500 (MIPSII)
		{FB5F816C-14AA-4C46-B8B2-0B37B78BD3E4}.HardwareEncryptionRelease|STANDARDSDK_500 (MIPSII).Build.0 = HardwareEncryptionRelease|STANDARDSDK_500 (MIPSII)
		{FB5F816C-14AA-4C46-B8B2-0B37B78BD3E4}.HardwareEncryptionRelease|STANDARDSDK_500 (MIPSII).Deploy.0 = HardwareEncryptionRelease|STANDARDSDK_500 (MIPSII)
		{FB5F816C-14AA-4C46-B8B2-0B37B78BD3E4}.HardwareEncryptionRelease|STANDARDSDK_500 (MIPSII_FP).ActiveCfg = HardwareEncryptionRelease|STANDARDSDK_500 (MIPSII_FP)
		{FB5F816C-14AA-4C46-B8B2-0B37B78BD3E4}.HardwareEncryptionRelease|STANDARDSDK_500 (MIPSII_FP).Build.0 = HardwareEncryptionRelease|STANDARDSDK_500 (MIPSII_FP)
		{FB5F816C-14AA-4C46-B8B2-0B37B78BD3E4}.HardwareEncryptionRelease|STANDARDSDK_500 (MIPSII_FP).Deploy.0 = HardwareEncryptionRelease|STANDARDSDK_500 (MIPSII_FP)
		{FB5F816C-14AA-4C46-B8B2-0B37B78BD3E4}.HardwareEncryptionRelease|STANDARDSDK_500 (MIPSIV).ActiveCfg = HardwareEncryptionRelease|STANDARDSDK_500 (MIPSIV)
		{FB5F816C-14AA-4C46-B8B2-0B37B78BD3E4}.HardwareEncryptionRelease|STANDARDSDK_500 (MIPSIV).Build.0 = HardwareEncryptionRelease|STANDARDSDK_500 (MIPSIV)
		{FB5F816C-14AA-4C46-B8B2-0B37B78BD3E4}.HardwareEncryptionRelease|STANDARDSDK_500 (MIPSIV).Deploy.0 = HardwareEncryptionRelease|STANDARDSDK_500 (MIPSIV)
		{FB5F816C-14AA-4C46-B8B2-0B37B78BD3E4}.HardwareEncryptionRelease|STANDARDSDK_500 (MIPSIV_FP).ActiveCfg = HardwareEncryptionRelease|STANDARDSDK_500 (MIPSIV_FP)
		{FB5F816C-14AA-4C46-B8B2-0B37B78BD3E4}.HardwareEncryptionRelease|STANDARDSDK_500 (MIPSIV_FP).Build.0 = HardwareEncryptionRelease|STANDARDSDK_500 (MIPSIV_FP)
		{FB5F816C-14AA-4C46-B8B2-0B37B78BD3E4}.HardwareEncryptionRelease|STANDARDSDK_500 (MIPSIV_FP).Deploy.0 = HardwareEncryptionRelease|STANDARDSDK_500 (MIPSIV_FP)
		{FB5F816C-14AA-4C46-B8B2-0B37B78BD3E4}.HardwareEncryptionRelease|STANDARDSDK_500 (SH4).ActiveCfg = HardwareEncryptionRelease|STANDARDSDK_500 (SH4)
		{FB5F816C-14AA-4C46-B8B2-0B37B78BD3E4}.HardwareEncryptionRelease|STANDARDSDK_500 (SH4).Build.0 = HardwareEncryptionRelease|STANDARDSDK_500 (SH4)
		{FB5F816C-14AA-4C46-B8B2-0B37B78BD3E4}.HardwareEncryptionRelease|STANDARDSDK_500 (SH4).Deploy.0 = HardwareEncryptionRelease|STANDARDSDK_500 (SH4)
		{FB5F816C-14AA-4C46-B8B2-0B37B78BD3E4}.HardwareEncryptionRelease|STANDARDSDK_500 (x86).ActiveCfg = HardwareEncryptionRelease|STANDARDSDK_500 (x86)
		{FB5F816C-14AA-4C46-B8B2-0B37B78BD3E4}.HardwareEncryptionRelease|STANDARDSDK_500 (x86).Build.0 = HardwareEncryptionRelease|STANDARDSDK_500 (x86)
		{FB5F816C-14AA-4C46-B8B2-0B37B78BD3E4}.HardwareEncryptionRelease|STANDARDSDK_500 (x86).Deploy.0 = HardwareEncryptionRelease|STANDARDSDK_500 (x86)
		{FB5F816C-14AA-4C46-B8B2-0B37B78BD3E4}.HardwareEncryptionRelease|WCE7_ARMv7_SDK (ARMv4I).ActiveCfg = HardwareEncryptionRelease|WCE7_ARMv7_SDK (ARMv4I)
		{FB5F816C-14AA-4C46-B8B2-0B37B78BD3E4}.HardwareEncryptionRelease|WCE7_ARMv7_SDK (ARMv4I).Build.0 = HardwareEncryptionRelease|WCE7_ARMv7_SDK (ARMv4I)
		{FB5F816C-14AA-4C46-B8B2-0B37B78BD3E4}.HardwareEncryptionRelease|WCE7_ARMv7_SDK (ARMv4I).Deploy.0 = HardwareEncryptionRelease|WCE7_ARMv7_SDK (ARMv4I)
		{FB5F816C-14AA-4C46-B8B2-0B37B78BD3E4}.HardwareEncryptionRelease|Win32.ActiveCfg = HardwareEncryptionRelease|Win32
		{FB5F816C-14AA-4C46-B8B2-0B37B78BD3E4}.HardwareEncryptionRelease|Win32.Build.0 = HardwareEncryptionRelease|Win32
		{FB5F816C-14AA-4C46-B8B2-0B37B78BD3E4}.HardwareEncryptionReleaseNeon|STANDARDSDK_500 (ARMV4I).ActiveCfg = HardwareEncryptionReleaseNeon|STANDARDSDK_500 (ARMV4I)
		{FB5F816C-14AA-4C46-B8B2-0B37B78BD3E4}.HardwareEncryptionReleaseNeon|STANDARDSDK_500 (ARMV4I).Build.0 = HardwareEncryptionReleaseNeon|STANDARDSDK_500 (ARMV4I)
		{FB5F816C-14AA-4C46-B8B2-0B37B78BD3E4}.HardwareEncryptionReleaseNeon|STANDARDSDK_500 (ARMV4I).Deploy.0 = HardwareEncryptionReleaseNeon|STANDARDSDK_500 (ARMV4I)
		{FB5F816C-14AA-4C46-B8B2-0B37B78BD3E4}.HardwareEncryptionReleaseNeon|STANDARDSDK_500 (MIPSII).ActiveCfg = HardwareEncryptionReleaseNeon|STANDARDSDK_500 (MIPSII)
		{FB5F816C-14AA-4C46-B8B2-0B37B78BD3E4}.HardwareEncryptionReleaseNeon|STANDARDSDK_500 (MIPSII).Build.0 = HardwareEncryptionReleaseNeon|STANDARDSDK_500 (MIPSII)
		{FB5F816C-14AA-4C46-B8B2-0B37B78BD3E4}.HardwareEncryptionReleaseNeon|STANDARDSDK_500 (MIPSII).Deploy.0 = HardwareEncryptionReleaseNeon|STANDARDSDK_500 (MIPSII)
		{FB5F816C-14AA-4C46-B8B2-0B37B78BD3E4}.HardwareEncryptionReleaseNeon|STANDARDSDK_500 (MIPSII_FP).ActiveCfg = HardwareEncryptionReleaseNeon|STANDARDSDK_500 (MIPSII_FP)
		{FB5F816C-14AA-4C46-B8B2-0B37B78BD3E4}.HardwareEncryptionReleaseNeon|STANDARDSDK_500 (MIPSII_FP).Build.0 = HardwareEncryptionReleaseNeon|STANDARDSDK_500 (MIPSII_FP)
		{FB5F816C-14AA-4C46-B8B2-0B37B78BD3E4}.HardwareEncryptionReleaseNeon|STANDARDSDK_500 (MIPSII_FP).Deploy.0 = HardwareEncryptionReleaseNeon|STANDARDSDK_500 (MIPSII_FP)
		{FB5F816C-14AA-4C46-B8B2-0B37B78BD3E4}.HardwareEncryptionReleaseNeon|STANDARDSDK_500 (MIPSIV).ActiveCfg = HardwareEncryptionReleaseNeon|STANDARDSDK_500 (MIPSIV)
		{FB5F816C-14AA-4C46-B8B2-0B37B78BD3E4}.HardwareEncryptionReleaseNeon|STANDARDSDK_500 (MIPSIV).Build.0 = HardwareEncryptionReleaseNeon|STANDARDSDK_500 (MIPSIV)
		{FB5F816C-14AA-4C46-B8B2-0B37B78BD3E4}.HardwareEncryptionReleaseNeon|STANDARDSDK_500 (MIPSIV).Deploy.0 = HardwareEncryptionReleaseNeon|STANDARDSDK_500 (MIPSIV)
		{FB5F816C-14AA-4C46-B8B2-0B37B78BD3E4}.HardwareEncryptionReleaseNeon|STANDARDSDK_500 (MIPSIV_FP).ActiveCfg = HardwareEncryptionReleaseNeon|STANDARDSDK_500 (MIPSIV_FP)
		{FB5F816C-14AA-4C46-B8B2-0B37B78BD3E4}.HardwareEncryptionReleaseNeon|STANDARDSDK_500 (MIPSIV_FP).Build.0 = HardwareEncryptionReleaseNeon|STANDARDSDK_500 (MIPSIV_FP)
		{FB5F816C-14AA-4C46-B8B2-0B37B78BD3E4}.HardwareEncryptionReleaseNeon|STANDARDSDK_500 (MIPSIV_FP).Deploy.0 = HardwareEncryptionReleaseNeon|STANDARDSDK_500 (MIPSIV_FP)
		{FB5F816C-14AA-4C46-B8B2-0B37B78BD3E4}.HardwareEncryptionReleaseNeon|STANDARDSDK_500 (SH4).ActiveCfg = HardwareEncryptionReleaseNeon|STANDARDSDK_500 (SH4)
		{FB5F816C-14AA-4C46-B8B2-0B37B78BD3E4}.HardwareEncryptionReleaseNeon|STANDARDSDK_500 (SH4).Build.0 = HardwareEncryptionReleaseNeon|STANDARDSDK_500 (SH4)
		{FB5F816C-14AA-4C46-B8B2-0B37B78BD3E4}.HardwareEncryptionReleaseNeon|STANDARDSDK_500 (SH4).Deploy.0 = HardwareEncryptionReleaseNeon|STANDARDSDK_500 (SH4)
		{FB5F816C-14AA-4C46-B8B2-0B37B78BD3E4}.HardwareEncryptionReleaseNeon|STANDARDSDK_500 (x86).ActiveCfg = HardwareEncryptionReleaseNeon|STANDARDSDK_500 (x86)
		{FB5F816C-14AA-4C46-B8B2-0B37B78BD3E4}.HardwareEncryptionReleaseNeon|STANDARDSDK_500 (x86).Build.0 = HardwareEncryptionReleaseNeon|STANDARDSDK_500 (x86)
		{FB5F816C-14AA-4C46-B8B2-0B37B78BD3E4}.HardwareEncryptionReleaseNeon|STANDARDSDK_500 (x86).Deploy.0 = HardwareEncryptionReleaseNeon|STANDARDSDK_500 (x86)
		{FB5F816C-14AA-4C46-B8B2-0B37B78BD3E4}.HardwareEncryptionReleaseNeon|WCE7_ARMv7_SDK (ARMv4I).ActiveCfg = HardwareEncryptionReleaseNeon|WCE7_ARMv7_SDK (ARMv4I)
		{FB5F816C-14AA-4C46-B8B2-0B37B78BD3E4}.HardwareEncryptionReleaseNeon|WCE7_ARMv7_SDK (ARMv4I).Build.0 = HardwareEncryptionReleaseNeon|WCE7_ARMv7_SDK (ARMv4I)
		{FB5F816C-14AA-4C46-B8B2-0B37B78BD3E4}.HardwareEncryptionReleaseNeon|WCE7_ARMv7_SDK (ARMv4I).Deploy.0 = HardwareEncryptionReleaseNeon|WCE7_ARMv7_SDK (ARMv4I)
		{FB5F816C-14AA-4C46-B8B2-0B37B78BD3E4}.HardwareEncryptionReleaseNeon|Win32.ActiveCfg = HardwareEncryptionReleaseNeon|Win32
		{FB5F816C-14AA-4C46-B8B2-0B37B78BD3E4}.HardwareEncryptionReleaseNeon|Win32.Build.0 = HardwareEncryptionReleaseNeon|Win32
		{FB5F816C-14AA-4C46-B8B2-0B37B78BD3E4}.Release|STANDARDSDK_500 (ARMV4I).ActiveCfg = Release|STANDARDSDK_500 (ARMV4I)
		{FB5F816C-14AA-4C46-B8B2-0B37B78BD3E4}.Release|STANDARDSDK_500 (ARMV4I).Build.0 = Release|STANDARDSDK_500 (ARMV4I)
		{FB5F816C-14AA-4C46-B8B2-0B37B78BD3E4}.Release|STANDARDSDK_500 (ARMV4I).Deploy.0 = Release|STANDARDSDK_500 (ARMV4I)
		{FB5F816C-14AA-4C46-B8B2-0B37B78BD3E4}.Release|STANDARDSDK_500 (MIPSII).ActiveCfg = Release|STANDARDSDK_500 (MIPSII)
		{FB5F816C-14AA-4C46-B8B2-0B37B78BD3E4}.Release|STANDARDSDK_500 (MIPSII).Build.0 = Release|STANDARDSDK_500 (MIPSII)
		{FB5F816C-14AA-4C46-B8B2-0B37B78BD3E4}.Release|STANDARDSDK_500 (MIPSII).Deploy.0 = Release|STANDARDSDK_500 (MIPSII)
		{FB5F816C-14AA-4C46-B8B2-0B37B78BD3E4}.Release|STANDARDSDK_500 (MIPSII_FP).ActiveCfg = Release|STANDARDSDK_500 (MIPSII_FP)
		{FB5F816C-14AA-4C46-B8B2-0B37B78BD3E4}.Release|STANDARDSDK_500 (MIPSII_FP).Build.0 = Release|STANDARDSDK_500 (MIPSII_FP)
		{FB5F816C-14AA-4C46-B8B2-0B37B78BD3E4}.Release|STANDARDSDK_500 (MIPSII_FP).Deploy.0 = Release|STANDARDSDK_500 (MIPSII_FP)
		{FB5F816C-14AA-4C46-B8B2-0B37B78BD3E4}.Release|STANDARDSDK_500 (MIPSIV).ActiveCfg = Release|STANDARDSDK_500 (MIPSIV)
		{FB5F816C-14AA-4C46-B8B2-0B37B78BD3E4}.Release|STANDARDSDK_500 (MIPSIV).Build.0 = Release|STANDARDSDK_500 (MIPSIV)
		{FB5F816C-14AA-4C46-B8B2-0B37B78BD3E4}.Release|STANDARDSDK_500 (MIPSIV).Deploy.0 = Release|STANDARDSDK_500 (MIPSIV)
		{FB5F816C-14AA-4C46-B8B2-0B37B78BD3E4}.Release|STANDARDSDK_500 (MIPSIV_FP).ActiveCfg = Release|STANDARDSDK_500 (MIPSIV_FP)
		{FB5F816C-14AA-4C46-B8B2-0B37B78BD3E4}.Release|STANDARDSDK_500 (MIPSIV_FP).Build.0 = Release|STANDARDSDK_500 (MIPSIV_FP)
		{FB5F816C-14AA-4C46-B8B2-0B37B78BD3E4}.Release|STANDARDSDK_500 (MIPSIV_FP).Deploy.0 = Release|STANDARDSDK_500 (MIPSIV_FP)
		{FB5F816C-14AA-4C46-B8B2-0B37B78BD3E4}.Release|STANDARDSDK_500 (SH4).ActiveCfg = Release|STANDARDSDK_500 (SH4)
		{FB5F816C-14AA-4C46-B8B2-0B37B78BD3E4}.Release|STANDARDSDK_500 (SH4).Build.0 = Release|STANDARDSDK_500 (SH4)
		{FB5F816C-14AA-4C46-B8B2-0B37B78BD3E4}.Release|STANDARDSDK_500 (SH4).Deploy.0 = Release|STANDARDSDK_500 (SH4)
		{FB5F816C-14AA-4C46-B8B2-0B37B78BD3E4}.Release|STANDARDSDK_500 (x86).ActiveCfg = Release|STANDARDSDK_500 (x86)
		{FB5F816C-14AA-4C46-B8B2-0B37B78BD3E4}.Release|STANDARDSDK_500 (x86).Build.0 = Release|STANDARDSDK_500 (x86)
		{FB5F816C-14AA-4C46-B8B2-0B37B78BD3E4}.Release|STANDARDSDK_500 (x86).Deploy.0 = Release|STANDARDSDK_500 (x86)
		{FB5F816C-14AA-4C46-B8B2-0B37B78BD3E4}.Release|WCE7_ARMv7_SDK (ARMv4I).ActiveCfg = Release|WCE7_ARMv7_SDK (ARMv4I)
		{FB5F816C-14AA-4C46-B8B2-0B37B78BD3E4}.Release|WCE7_ARMv7_SDK (ARMv4I).Build.0 = Release|WCE7_ARMv7_SDK (ARMv4I)
		{FB5F816C-14AA-4C46-B8B2-0B37B78BD3E4}.Release|WCE7_ARMv7_SDK (ARMv4I).Deploy.0 = Release|WCE7_ARMv7_SDK (ARMv4I)
		{FB5F816C-14AA-4C46-B8B2-0B37B78BD3E4}.Release|Win32.ActiveCfg = Release|Win32
		{FB5F816C-14AA-4C46-B8B2-0B37B78BD3E4}.Release|Win32.Build.0 = Release|Win32
		{FB5F816C-14AA-4C46-B8B2-0B37B78BD3E4}.ReleaseNeon|STANDARDSDK_500 (ARMV4I).ActiveCfg = ReleaseNeon|STANDARDSDK_500 (ARMV4I)
		{FB5F816C-14AA-4C46-B8B2-0B37B78BD3E4}.ReleaseNeon|STANDARDSDK_500 (ARMV4I).Build.0 = ReleaseNeon|STANDARDSDK_500 (ARMV4I)
		{FB5F816C-14AA-4C46-B8B2-0B37B78BD3E4}.ReleaseNeon|STANDARDSDK_500 (ARMV4I).Deploy.0 = ReleaseNeon|STANDARDSDK_500 (ARMV4I)
		{FB5F816C-14AA-4C46-B8B2-0B37B78BD3E4}.ReleaseNeon|STANDARDSDK_500 (MIPSII).ActiveCfg = ReleaseNeon|STANDARDSDK_500 (MIPSII)
		{FB5F816C-14AA-4C46-B8B2-0B37B78BD3E4}.ReleaseNeon|STANDARDSDK_500 (MIPSII).Build.0 = ReleaseNeon|STANDARDSDK_500 (MIPSII)
		{FB5F816C-14AA-4C46-B8B2-0B37B78BD3E4}.ReleaseNeon|STANDARDSDK_500 (MIPSII).Deploy.0 = ReleaseNeon|STANDARDSDK_500 (MIPSII)
		{FB5F816C-14AA-4C46-B8B2-0B37B78BD3E4}.ReleaseNeon|STANDARDSDK_500 (MIPSII_FP).ActiveCfg = ReleaseNeon|STANDARDSDK_500 (MIPSII_FP)
		{FB5F816C-14AA-4C46-B8B2-0B37B78BD3E4}.ReleaseNeon|STANDARDSDK_500 (MIPSII_FP).Build.0 = ReleaseNeon|STANDARDSDK_500 (MIPSII_FP)
		{FB5F816C-14AA-4C46-B8B2-0B37B78BD3E4}.ReleaseNeon|STANDARDSDK_500 (MIPSII_FP).Deploy.0 = ReleaseNeon|STANDARDSDK_500 (MIPSII_FP)
		{FB5F816C-14AA-4C46-B8B2-0B37B78BD3E4}.ReleaseNeon|STANDARDSDK_500 (MIPSIV).ActiveCfg = ReleaseNeon|STANDARDSDK_500 (MIPSIV)
		{FB5F816C-14AA-4C46-B8B2-0B37B78BD3E4}.ReleaseNeon|STANDARDSDK_500 (MIPSIV).Build.0 = ReleaseNeon|STANDARDSDK_500 (MIPSIV)
		{FB5F816C-14AA-4C46-B8B2-0B37B78BD3E4}.ReleaseNeon|STANDARDSDK_500 (MIPSIV).Deploy.0 = ReleaseNeon|STANDARDSDK_500 (MIPSIV)
		{FB5F816C-14AA-4C46-B8B2-0B37B78BD3E4}.ReleaseNeon|STANDARDSDK_500 (MIPSIV_FP).ActiveCfg = ReleaseNeon|STANDARDSDK_500 (MIPSIV_FP)
		{FB5F816C-14AA-4C46-B8B2-0B37B78BD3E4}.ReleaseNeon|STANDARDSDK_500 (MIPSIV_FP).Build.0 = ReleaseNeon|STANDARDSDK_500 (MIPSIV_FP)
		{FB5F816C-14AA-4C46-B8B2-0B37B78BD3E4}.ReleaseNeon|STANDARDSDK_500 (MIPSIV_FP).Deploy.0 = ReleaseNeon|STANDARDSDK_500 (MIPSIV_FP)
		{FB5F816C-14AA-4C46-B8B2-0B37B78BD3E4}.ReleaseNeon|STANDARDSDK_500 (SH4).ActiveCfg = ReleaseNeon|STANDARDSDK_500 (SH4)
		{FB5F816C-14AA-4C46-B8B2-0B37B78BD3E4}.ReleaseNeon|STANDARDSDK_500 (SH4).Build.0 = ReleaseNeon|STANDARDSDK_500 (SH4)
		{FB5F816C-14AA-4C46-B8B2-0B37B78BD3E4}.ReleaseNeon|STANDARDSDK_500 (SH4).Deploy.0 = ReleaseNeon|STANDARDSDK_500 (SH4)
		{FB5F816C-14AA-4C46-B8B2-0B37B78BD3E4}.ReleaseNeon|STANDARDSDK_500 (x86).ActiveCfg = ReleaseNeon|STANDARDSDK_500 (x86)
		{FB5F816C-14AA-4C46-B8B2-0B37B78BD3E4}.ReleaseNeon|STANDARDSDK_500 (x86).Build.0 = ReleaseNeon|STANDARDSDK_500 (x86)
		{FB5F816C-14AA-4C46-B8B2-0B37B78BD3E4}.ReleaseNeon|STANDARDSDK_500 (x86).Deploy.0 = ReleaseNeon|STANDARDSDK_500 (x86)
		{FB5F816C-14AA-4C46-B8B2-0B37B78BD3E4}.ReleaseNeon|WCE7_ARMv7_SDK (ARMv4I).ActiveCfg = ReleaseNeon|WCE7_ARMv7_SDK (ARMv4I)
		{FB5F816C-14AA-4C46-B8B2-0B37B78BD3E4}.ReleaseNeon|WCE7_ARMv7_SDK (ARMv4I).Build.0 = ReleaseNeon|WCE7_ARMv7_SDK (ARMv4I)
		{FB5F816C-14AA-4C46-B8B2-0B37B78BD3E4}.ReleaseNeon|WCE7_ARMv7_SDK (ARMv4I).Deploy.0 = ReleaseNeon|WCE7_ARMv7_SDK (ARMv4I)
		{FB5F816C-14AA-4C46-B8B2-0B37B78BD3E4}.ReleaseNeon|Win32.ActiveCfg = ReleaseNeon|Win32
		{FB5F816C-14AA-4C46-B8B2-0B37B78BD3E4}.ReleaseNeon|Win32.Build.0 = ReleaseNeon|Win32
		{FB5F816C-14AA-4C46-B8B2-0B37B78BD3E4}.SoftwareEncryptionDebug|STANDARDSDK_500 (ARMV4I).ActiveCfg = SoftwareEncryptionDebug|STANDARDSDK_500 (ARMV4I)
		{FB5F816C-14AA-4C46-B8B2-0B37B78BD3E4}.SoftwareEncryptionDebug|STANDARDSDK_500 (ARMV4I).Build.0 = SoftwareEncryptionDebug|STANDARDSDK_500 (ARMV4I)
		{FB5F816C-14AA-4C46-B8B2-0B37B78BD3E4}.SoftwareEncryptionDebug|STANDARDSDK_500 (ARMV4I).Deploy.0 = SoftwareEncryptionDebug|STANDARDSDK_500 (ARMV4I)
		{FB5F816C-14AA-4C46-B8B2-0B37B78BD3E4}.SoftwareEncryptionDebug|STANDARDSDK_500 (MIPSII).ActiveCfg = SoftwareEncryptionDebug|STANDARDSDK_500 (MIPSII)
		{FB5F816C-14AA-4C46-B8B2-0B37B78BD3E4}.SoftwareEncryptionDebug|STANDARDSDK_500 (MIPSII).Build.0 = SoftwareEncryptionDebug|STANDARDSDK_500 (MIPSII)
		{FB5F816C-14AA-4C46-B8B2-0B37B78BD3E4}.SoftwareEncryptionDebug|STANDARDSDK_500 (MIPSII).Deploy.0 = SoftwareEncryptionDebug|STANDARDSDK_500 (MIPSII)
		{FB5F816C-14AA-4C46-B8B2-0B37B78BD3E4}.SoftwareEncryptionDebug|STANDARDSDK_500 (MIPSII_FP).ActiveCfg = SoftwareEncryptionDebug|STANDARDSDK_500 (MIPSII_FP)
		{FB5F816C-14AA-4C46-B8B2-0B37B78BD3E4}.SoftwareEncryptionDebug|STANDARDSDK_500 (MIPSII_FP).Build.0 = SoftwareEncryptionDebug|STANDARDSDK_500 (MIPSII_FP)
		{FB5F816C-14AA-4C46-B8B2-0B37B78BD3E4}.SoftwareEncryptionDebug|STANDARDSDK_500 (MIPSII_FP).Deploy.0 = SoftwareEncryptionDebug|STANDARDSDK_500 (MIPSII_FP)
		{FB5F816C-14AA-4C46-B8B2-0B37B78BD3E4}.SoftwareEncryptionDebug|STANDARDSDK_500 (MIPSIV).ActiveCfg = SoftwareEncryptionDebug|STANDARDSDK_500 (MIPSIV)
		{FB5F816C-14AA-4C46-B8B2-0B37B78BD3E4}.SoftwareEncryptionDebug|STANDARDSDK_500 (MIPSIV).Build.0 = SoftwareEncryptionDebug|STANDARDSDK_500 (MIPSIV)
		{FB5F816C-14AA-4C46-B8B2-0B37B78BD3E4}.SoftwareEncryptionDebug|STANDARDSDK_500 (MIPSIV).Deploy.0 = SoftwareEncryptionDebug|STANDARDSDK_500 (MIPSIV)
		{FB5F816C-14AA-4C46-B8B2-0B37B78BD3E4}.SoftwareEncryptionDebug|STANDARDSDK_500 (MIPSIV_FP).ActiveCfg = SoftwareEncryptionDebug|STANDARDSDK_500 (MIPSIV_FP)
		{FB5F816C-14AA-4C46-B8B2-0B37B78BD3E4}.SoftwareEncryptionDebug|STANDARDSDK_500 (MIPSIV_FP).Build.0 = SoftwareEncryptionDebug|STANDARDSDK_500 (MIPSIV_FP)
		{FB5F816C-14AA-4C46-B8B2-0B37B78BD3E4}.SoftwareEncryptionDebug|STANDARDSDK_500 (MIPSIV_FP).Deploy.0 = SoftwareEncryptionDebug|STANDARDSDK_500 (MIPSIV_FP)
		{FB5F816C-14AA-4C46-B8B2-0B37B78BD3E4}.SoftwareEncryptionDebug|STANDARDSDK_500 (SH4).ActiveCfg = SoftwareEncryptionDebug|STANDARDSDK_500 (SH4)
		{FB5F816C-14AA-4C46-B8B2-0B37B78BD3E4}.SoftwareEncryptionDebug|STANDARDSDK_500 (SH4).Build.0 = SoftwareEncryptionDebug|STANDARDSDK_500 (SH4)
		{FB5F816C-14AA-4C46-B8B2-0B37B78BD3E4}.SoftwareEncryptionDebug|STANDARDSDK_500 (SH4).Deploy.0 = SoftwareEncryptionDebug|STANDARDSDK_500 (SH4)
		{FB5F816C-14AA-4C46-B8B2-0B37B78BD3E4}.SoftwareEncryptionDebug|STANDARDSDK_500 (x86).ActiveCfg = SoftwareEncryptionDebug|STANDARDSDK_500 (x86)
		{FB5F816C-14AA-4C46-B8B2-0B37B78BD3E4}.SoftwareEncryptionDebug|STANDARDSDK_500 (x86).Build.0 = SoftwareEncryptionDebug|STANDARDSDK_500 (x86)
		{FB5F816C-14AA-4C46-B8B2-0B37B78BD3E4}.SoftwareEncryptionDebug|STANDARDSDK_500 (x86).Deploy.0 = SoftwareEncryptionDebug|STANDARDSDK_500 (x86)
		{FB5F816C-14AA-4C46-B8B2-0B37B78BD3E4}.SoftwareEncryptionDebug|WCE7_ARMv7_SDK (ARMv4I).ActiveCfg = SoftwareEncryptionDebug|WCE7_ARMv7_SDK (ARMv4I)
		{FB5F816C-14AA-4C46-B8B2-0B37B78BD3E4}.SoftwareEncryptionDebug|WCE7_ARMv7_SDK (ARMv4I).Build.0 = SoftwareEncryptionDebug|WCE7_ARMv7_SDK (ARMv4I)
		{FB5F816C-14AA-4C46-B8B2-0B37B78BD3E4}.SoftwareEncryptionDebug|WCE7_ARMv7_SDK (ARMv4I).Deploy.0 = SoftwareEncryptionDebug|WCE7_ARMv7_SDK (ARMv4I)
		{FB5F816C-14AA-4C46-B8B2-0B37B78BD3E4}.SoftwareEncryptionDebug|Win32.ActiveCfg = SoftwareEncryptionDebug|Win32
		{FB5F816C-14AA-4C46-B8B2-0B37B78BD3E4}.SoftwareEncryptionDebug|Win32.Build.0 = SoftwareEncryptionDebug|Win32
		{FB5F816C-14AA-4C46-B8B2-0B37B78BD3E4}.SoftwareEncryptionDebugNeon|STANDARDSDK_500 (ARMV4I).ActiveCfg = SoftwareEncryptionDebugNeon|STANDARDSDK_500 (ARMV4I)
		{FB5F816C-14AA-4C46-B8B2-0B37B78BD3E4}.SoftwareEncryptionDebugNeon|STANDARDSDK_500 (ARMV4I).Build.0 = SoftwareEncryptionDebugNeon|STANDARDSDK_500 (ARMV4I)
		{FB5F816C-14AA-4C46-B8B2-0B37B78BD3E4}.SoftwareEncryptionDebugNeon|STANDARDSDK_500 (ARMV4I).Deploy.0 = SoftwareEncryptionDebugNeon|STANDARDSDK_500 (ARMV4I)
		{FB5F816C-14AA-4C46-B8B2-0B37B78BD3E4}.SoftwareEncryptionDebugNeon|STANDARDSDK_500 (MIPSII).ActiveCfg = SoftwareEncryptionDebugNeon|STANDARDSDK_500 (MIPSII)
		{FB5F816C-14AA-4C46-B8B2-0B37B78BD3E4}.SoftwareEncryptionDebugNeon|STANDARDSDK_500 (MIPSII).Build.0 = SoftwareEncryptionDebugNeon|STANDARDSDK_500 (MIPSII)
		{FB5F816C-14AA-4C46-B8B2-0B37B78BD3E4}.SoftwareEncryptionDebugNeon|STANDARDSDK_500 (MIPSII).Deploy.0 = SoftwareEncryptionDebugNeon|STANDARDSDK_500 (MIPSII)
		{FB5F816C-14AA-4C46-B8B2-0B37B78BD3E4}.SoftwareEncryptionDebugNeon|STANDARDSDK_500 (MIPSII_FP).ActiveCfg = SoftwareEncryptionDebugNeon|STANDARDSDK_500 (MIPSII_FP)
		{FB5F816C-14AA-4C46-B8B2-0B37B78BD3E4}.SoftwareEncryptionDebugNeon|STANDARDSDK_500 (MIPSII_FP).Build.0 = SoftwareEncryptionDebugNeon|STANDARDSDK_500 (MIPSII_FP)
		{FB5F816C-14AA-4C46-B8B2-0B37B78BD3E4}.SoftwareEncryptionDebugNeon|STANDARDSDK_500 (MIPSII_FP).Deploy.0 = SoftwareEncryptionDebugNeon|STANDARDSDK_500 (MIPSII_FP)
		{FB5F816C-14AA-4C46-B8B2-0B37B78BD3E4}.SoftwareEncryptionDebugNeon|STANDARDSDK_500 (MIPSIV).ActiveCfg = SoftwareEncryptionDebugNeon|STANDARDSDK_500 (MIPSIV)
		{FB5F816C-14AA-4C46-B8B2-0B37B78BD3E4}.SoftwareEncryptionDebugNeon|STANDARDSDK_500 (MIPSIV).Build.0 = SoftwareEncryptionDebugNeon|STANDARDSDK_500 (MIPSIV)
		{FB5F816C-14AA-4C46-B8B2-0B37B78BD3E4}.SoftwareEncryptionDebugNeon|STANDARDSDK_500 (MIPSIV).Deploy.0 = SoftwareEncryptionDebugNeon|STANDARDSDK_500 (MIPSIV)
		{FB5F816C-14AA-4C46-B8B2-0B37B78BD3E4}.SoftwareEncryptionDebugNeon|STANDARDSDK_500 (MIPSIV_FP).ActiveCfg = SoftwareEncryptionDebugNeon|STANDARDSDK_500 (MIPSIV_FP)
		{FB5F816C-14AA-4C46-B8B2-0B37B78BD3E4}.SoftwareEncryptionDebugNeon|STANDARDSDK_500 (MIPSIV_FP).Build.0 = SoftwareEncryptionDebugNeon|STANDARDSDK_500 (MIPSIV_FP)
		{FB5F816C-14AA-4C46-B8B2-0B37B78BD3E4}.SoftwareEncryptionDebugNeon|STANDARDSDK_500 (MIPSIV_FP).Deploy.0 = SoftwareEncryptionDebugNeon|STANDARDSDK_500 (MIPSIV_FP)
		{FB5F816C-14AA-4C46-B8B2-0B37B78BD3E4}.SoftwareEncryptionDebugNeon|STANDARDSDK_500 (SH4).ActiveCfg = SoftwareEncryptionDebugNeon|STANDARDSDK_500 (SH4)
		{FB5F816C-14AA-4C46-B8B2-0B37B78BD3E4}.SoftwareEncryptionDebugNeon|STANDARDSDK_500 (SH4).Build.0 = SoftwareEncryptionDebugNeon|STANDARDSDK_500 (SH4)
		{FB5F816C-14AA-4C46-B8B2-0B37B78BD3E4}.SoftwareEncryptionDebugNeon|STANDARDSDK_500 (SH4).Deploy.0 = SoftwareEncryptionDebugNeon|STANDARDSDK_500 (SH4)
		{FB5F816C-14AA-4C46-B8B2-0B37B78BD3E4}.SoftwareEncryptionDebugNeon|STANDARDSDK_500 (x86).ActiveCfg = SoftwareEncryptionDebugNeon|STANDARDSDK_500 (x86)
		{FB5F816C-14AA-4C46-B8B2-0B37B78BD3E4}.SoftwareEncryptionDebugNeon|STANDARDSDK_500 (x86).Build.0 = SoftwareEncryptionDebugNeon|STANDARDSDK_500 (x86)
		{FB5F816C-14AA-4C46-B8B2-0B37B78BD3E4}.SoftwareEncryptionDebugNeon|STANDARDSDK_500 (x86).Deploy.0 = SoftwareEncryptionDebugNeon|STANDARDSDK_500 (x86)
		{FB5F816C-14AA-4C46-B8B2-0B37B78BD3E4}.SoftwareEncryptionDebugNeon|WCE7_ARMv7_SDK (ARMv4I).ActiveCfg = SoftwareEncryptionDebugNeon|WCE7_ARMv7_SDK (ARMv4I)
		{FB5F816C-14AA-4C46-B8B2-0B37B78BD3E4}.SoftwareEncryptionDebugNeon|WCE7_ARMv7_SDK (ARMv4I).Build.0 = SoftwareEncryptionDebugNeon|WCE7_ARMv7_SDK (ARMv4I)
		{FB5F816C-14AA-4C46-B8B2-0B37B78BD3E4}.SoftwareEncryptionDebugNeon|WCE7_ARMv7_SDK (ARMv4I).Deploy.0 = SoftwareEncryptionDebugNeon|WCE7_ARMv7_SDK (ARMv4I)
		{FB5F816C-14AA-4C46-B8B2-0B37B78BD3E4}.SoftwareEncryptionDebugNeon|Win32.ActiveCfg = SoftwareEncryptionDebugNeon|Win32
		{FB5F816C-14AA-4C46-B8B2-0B37B78BD3E4}.SoftwareEncryptionDebugNeon|Win32.Build.0 = SoftwareEncryptionDebugNeon|Win32
		{FB5F816C-14AA-4C46-B8B2-0B37B78BD3E4}.SoftwareEncryptionRelease|STANDARDSDK_500 (ARMV4I).ActiveCfg = SoftwareEncryptionRelease|STANDARDSDK_500 (ARMV4I)
		{FB5F816C-14AA-4C46-B8B2-0B37B78BD3E4}.SoftwareEncryptionRelease|STANDARDSDK_500 (ARMV4I).Build.0 = SoftwareEncryptionRelease|STANDARDSDK_500 (ARMV4I)
		{FB5F816C-14AA-4C46-B8B2-0B37B78BD3E4}.SoftwareEncryptionRelease|STANDARDSDK_500 (ARMV4I).Deploy.0 = SoftwareEncryptionRelease|STANDARDSDK_500 (ARMV4I)
		{FB5F816C-14AA-4C46-B8B2-0B37B78BD3E4}.SoftwareEncryptionRelease|STANDARDSDK_500 (MIPSII).ActiveCfg = SoftwareEncryptionRelease|STANDARDSDK_500 (MIPSII)
		{FB5F816C-14AA-4C46-B8B2-0B37B78BD3E4}.SoftwareEncryptionRelease|STANDARDSDK_500 (MIPSII).Build.0 = SoftwareEncryptionRelease|STANDARDSDK_500 (MIPSII)
		{FB5F816C-14AA-4C46-B8B2-0B37B78BD3E4}.SoftwareEncryptionRelease|STANDARDSDK_500 (MIPSII).Deploy.0 = SoftwareEncryptionRelease|STANDARDSDK_500 (MIPSII)
		{FB5F816C-14AA-4C46-B8B2-0B37B78BD3E4}.SoftwareEncryptionRelease|STANDARDSDK_500 (MIPSII_FP).ActiveCfg = SoftwareEncryptionRelease|STANDARDSDK_500 (MIPSII_FP)
		{FB5F816C-14AA-4C46-B8B2-0B37B78BD3E4}.SoftwareEncryptionRelease|STANDARDSDK_500 (MIPSII_FP).Build.0 = SoftwareEncryptionRelease|STANDARDSDK_500 (MIPSII_FP)
		{FB5F816C-14AA-4C46-B8B2-0B37B78BD3E4}.SoftwareEncryptionRelease|STANDARDSDK_500 (MIPSII_FP).Deploy.0 = SoftwareEncryptionRelease|STANDARDSDK_500 (MIPSII_FP)
		{FB5F816C-14AA-4C46-B8B2-0B37B78BD3E4}.SoftwareEncryptionRelease|STANDARDSDK_500 (MIPSIV).ActiveCfg = SoftwareEncryptionRelease|STANDARDSDK_500 (MIPSIV)
		{FB5F816C-14AA-4C46-B8B2-0B37B78BD3E4}.SoftwareEncryptionRelease|STANDARDSDK_500 (MIPSIV).Build.0 = SoftwareEncryptionRelease|STANDARDSDK_500 (MIPSIV)
		{FB5F816C-14AA-4C46-B8B2-0B37B78BD3E4}.SoftwareEncryptionRelease|STANDARDSDK_500 (MIPSIV).Deploy.0 = SoftwareEncryptionRelease|STANDARDSDK_500 (MIPSIV)
		{FB5F816C-14AA-4C46-B8B2-0B37B78BD3E4}.SoftwareEncryptionRelease|STANDARDSDK_500 (MIPSIV_FP).ActiveCfg = SoftwareEncryptionRelease|STANDARDSDK_500 (MIPSIV_FP)
		{FB5F816C-14AA-4C46-B8B2-0B37B78BD3E4}.SoftwareEncryptionRelease|STANDARDSDK_500 (MIPSIV_FP).Build.0 = SoftwareEncryptionRelease|STANDARDSDK_500 (MIPSIV_FP)
		{FB5F816C-14AA-4C46-B8B2-0B37B78BD3E4}.SoftwareEncryptionRelease|STANDARDSDK_500 (MIPSIV_FP).Deploy.0 = SoftwareEncryptionRelease|STANDARDSDK_500 (MIPSIV_FP)
		{FB5F816C-14AA-4C46-B8B2-0B37B78BD3E4}.SoftwareEncryptionRelease|STANDARDSDK_500 (SH4).ActiveCfg = SoftwareEncryptionRelease|STANDARDSDK_500 (SH4)
		{FB5F816C-14AA-4C46-B8B2-0B37B78BD3E4}.SoftwareEncryptionRelease|STANDARDSDK_500 (SH4).Build.0 = SoftwareEncryptionRelease|STANDARDSDK_500 (SH4)
		{FB5F816C-14AA-4C46-B8B2-0B37B78BD3E4}.SoftwareEncryptionRelease|STANDARDSDK_500 (SH4).Deploy.0 = SoftwareEncryptionRelease|STANDARDSDK_500 (SH4)
		{FB5F816C-14AA-4C46-B8B2-0B37B78BD3E4}.SoftwareEncryptionRelease|STANDARDSDK_500 (x86).ActiveCfg = SoftwareEncryptionRelease|STANDARDSDK_500 (x86)
		{FB5F816C-14AA-4C46-B8B2-0B37B78BD3E4}.SoftwareEncryptionRelease|STANDARDSDK_500 (x86).Build.0 = SoftwareEncryptionRelease|STANDARDSDK_500 (x86)
		{FB5F816C-14AA-4C46-B8B2-0B37B78BD3E4}.SoftwareEncryptionRelease|STANDARDSDK_500 (x86).Deploy.0 = SoftwareEncryptionRelease|STANDARDSDK_500 (x86)
		{FB5F816C-14AA-4C46-B8B2-0B37B78BD3E4}.SoftwareEncryptionRelease|WCE7_ARMv7_SDK (ARMv4I).ActiveCfg = SoftwareEncryptionRelease|WCE7_ARMv7_SDK (ARMv4I)
		{FB5F816C-14AA-4C46-B8B2-0B37B78BD3E4}.SoftwareEncryptionRelease|WCE7_ARMv7_SDK (ARMv4I).Build.0 = SoftwareEncryptionRelease|WCE7_ARMv7_SDK (ARMv4I)
		{FB5F816C-14AA-4C46-B8B2-0B37B78BD3E4}.SoftwareEncryptionRelease|WCE7_ARMv7_SDK (ARMv4I).Deploy.0 = SoftwareEncryptionRelease|WCE7_ARMv7_SDK (ARMv4I)
		{FB5F816C-14AA-4C46-B8B2-0B37B78BD3E4}.SoftwareEncryptionRelease|Win32.ActiveCfg = SoftwareEncryptionRelease|Win32
		{FB5F816C-14AA-4C46-B8B2-0B37B78BD3E4}.SoftwareEncryptionRelease|Win32.Build.0 = SoftwareEncryptionRelease|Win32
		{FB5F816C-14AA-4C46-B8B2-0B37B78BD3E4}.SoftwareEncryptionReleaseNeon|STANDARDSDK_500 (ARMV4I).ActiveCfg = SoftwareEncryptionReleaseNeon|STANDARDSDK_500 (ARMV4I)
		{FB5F816C-14AA-4C46-B8B2-0B37B78BD3E4}.SoftwareEncryptionReleaseNeon|STANDARDSDK_500 (ARMV4I).Build.0 = SoftwareEncryptionReleaseNeon|STANDARDSDK_500 (ARMV4I)
		{FB5F816C-14AA-4C46-B8B2-0B37B78BD3E4}.SoftwareEncryptionReleaseNeon|STANDARDSDK_500 (ARMV4I).Deploy.0 = SoftwareEncryptionReleaseNeon|STANDARDSDK_500 (ARMV4I)
		{FB5F816C-14AA-4C46-B8B2-0B37B78BD3E4}.SoftwareEncryptionReleaseNeon|STANDARDSDK_500 (MIPSII).ActiveCfg = SoftwareEncryptionReleaseNeon|STANDARDSDK_500 (MIPSII)
		{FB5F816C-14AA-4C46-B8B2-0B37B78BD3E4}.SoftwareEncryptionReleaseNeon|STANDARDSDK_500 (MIPSII).Build.0 = SoftwareEncryptionReleaseNeon|STANDARDSDK_500 (MIPSII)
		{FB5F816C-14AA-4C46-B8B2-0B37B78BD3E4}.SoftwareEncryptionReleaseNeon|STANDARDSDK_500 (MIPSII).Deploy.0 = SoftwareEncryptionReleaseNeon|STANDARDSDK_500 (MIPSII)
		{FB5F816C-14AA-4C46-B8B2-0B37B78BD3E4}.SoftwareEncryptionReleaseNeon|STANDARDSDK_500 (MIPSII_FP).ActiveCfg = SoftwareEncryptionReleaseNeon|STANDARDSDK_500 (MIPSII_FP)
		{FB5F816C-14AA-4C46-B8B2-0B37B78BD3E4}.SoftwareEncryptionReleaseNeon|STANDARDSDK_500 (MIPSII_FP).Build.0 = SoftwareEncryptionReleaseNeon|STANDARDSDK_500 (MIPSII_FP)
		{FB5F816C-14AA-4C46-B8B2-0B37B78BD3E4}.SoftwareEncryptionReleaseNeon|STANDARDSDK_500 (MIPSII_FP).Deploy.0 = SoftwareEncryptionReleaseNeon|STANDARDSDK_500 (MIPSII_FP)
		{FB5F816C-14AA-4C46-B8B2-0B37B78BD3E4}.SoftwareEncryptionReleaseNeon|STANDARDSDK_500 (MIPSIV).ActiveCfg = SoftwareEncryptionReleaseNeon|STANDARDSDK_500 (MIPSIV)
		{FB5F816C-14AA-4C46-B8B2-0B37B78BD3E4}.SoftwareEncryptionReleaseNeon|STANDARDSDK_500 (MIPSIV).Build.0 = SoftwareEncryptionReleaseNeon|STANDARDSDK_500 (MIPSIV)
		{FB5F816C-14AA-4C46-B8B2-0B37B78BD3E4}.SoftwareEncryptionReleaseNeon|STANDARDSDK_500 (MIPSIV).Deploy.0 = SoftwareEncryptionReleaseNeon|STANDARDSDK_500 (MIPSIV)
		{FB5F816C-14AA-4C46-B8B2-0B37B78BD3E4}.SoftwareEncryptionReleaseNeon|STANDARDSDK_500 (MIPSIV_FP).ActiveCfg = SoftwareEncryptionReleaseNeon|STANDARDSDK_500 (MIPSIV_FP)
		{FB5F816C-14AA-4C46-B8B2-0B37B78BD3E4}.SoftwareEncryptionReleaseNeon|STANDARDSDK_500 (MIPSIV_FP).Build.0 = SoftwareEncryptionReleaseNeon|STANDARDSDK_500 (MIPSIV_FP)
		{FB5F816C-14AA-4C46-B8B2-0B37B78BD3E4}.SoftwareEncryptionReleaseNeon|STANDARDSDK_500 (MIPSIV_FP).Deploy.0 = SoftwareEncryptionReleaseNeon|STANDARDSDK_500 (MIPSIV_FP)
		{FB5F816C-14AA-4C46-B8B2-0B37B78BD3E4}.SoftwareEncryptionReleaseNeon|STANDARDSDK_500 (SH4).ActiveCfg = SoftwareEncryptionReleaseNeon|STANDARDSDK_500 (SH4)
		{FB5F816C-14AA-4C46-B8B2-0B37B78BD3E4}.SoftwareEncryptionReleaseNeon|STANDARDSDK_500 (SH4).Build.0 = SoftwareEncryptionReleaseNeon|STANDARDSDK_500 (SH4)
		{FB5F816C-14AA-4C46-B8B2-0B37B78BD3E4}.SoftwareEncryptionReleaseNeon|STANDARDSDK_500 (SH4).Deploy.0 = SoftwareEncryptionReleaseNeon|STANDARDSDK_500 (SH4)
		{FB5F816C-14AA-4C46-B8B2-0B37B78BD3E4}.SoftwareEncryptionReleaseNeon|STANDARDSDK_500 (x86).ActiveCfg = SoftwareEncryptionReleaseNeon|STANDARDSDK_500 (x86)
		{FB5F816C-14AA-4C46-B8B2-0B37B78BD3E4}.SoftwareEncryptionReleaseNeon|STANDARDSDK_500 (x86).Build.0 = SoftwareEncryptionReleaseNeon|STANDARDSDK_500 (x86)
		{FB5F816C-14AA-4C46-B8B2-0B37B78BD3E4}.SoftwareEncryptionReleaseNeon|STANDARDSDK_500 (x86).Deploy.0 = SoftwareEncryptionReleaseNeon|STANDARDSDK_500 (x86)
		{FB5F816C-14AA-4C46-B8B2-0B37B78BD3E4}.SoftwareEncryptionReleaseNeon|WCE7_ARMv7_SDK (ARMv4I).ActiveCfg = SoftwareEncryptionReleaseNeon|WCE7_ARMv7_SDK (ARMv4I)
		{FB5F816C-14AA-4C46-B8B2-0B37B78BD3E4}.SoftwareEncryptionReleaseNeon|WCE7_ARMv7_SDK (ARMv4I).Build.0 = SoftwareEncryptionReleaseNeon|WCE7_ARMv7_SDK (ARMv4I)
		{FB5F816C-14AA-4C46-B8B2-0B37B78BD3E4}.SoftwareEncryptionReleaseNeon|WCE7_ARMv7_SDK (ARMv4I).Deploy.0 = SoftwareEncryptionReleaseNeon|WCE7_ARMv7_SDK (ARMv4I)
		{FB5F816C-14AA-4C46-B8B2-0B37B78BD3E4}.SoftwareEncryptionReleaseNeon|Win32.ActiveCfg = SoftwareEncryptionReleaseNeon|Win32
		{FB5F816C-14AA-4C46-B8B2-0B37B78BD3E4}.SoftwareEncryptionReleaseNeon|Win32.Build.0 = SoftwareEncryptionReleaseNeon|Win32
	EndGlobalSection
	GlobalSection(SolutionProperties) = preSolution
		HideSolutionNode = FALSE
	EndGlobalSection
EndGlobal
