
Microsoft Visual Studio Solution File, Format Version 12.00
# Visual Studio 14
VisualStudioVersion = 14.0.25420.1
MinimumVisualStudioVersion = 10.0.40219.1
Project("{8BC9CEB8-8B4A-11D0-8D11-00A0C91BC942}") = "TestISS-AIUI", "TestISS-AIUI\TestISS-AIUI.vcxproj", "{411F6462-676E-4A31-98F9-CC43BEF9FD72}"
	ProjectSection(ProjectDependencies) = postProject
		{FB5F816C-14AA-4C46-B8B2-0B37B78BD3E4} = {FB5F816C-14AA-4C46-B8B2-0B37B78BD3E4}
	EndProjectSection
EndProject
Project("{8BC9CEB8-8B4A-11D0-8D11-00A0C91BC942}") = "VACommon", "..\..\Source\VACommon\VACommon.vcxproj", "{FB5F816C-14AA-4C46-B8B2-0B37B78BD3E4}"
EndProject
Global
	GlobalSection(SolutionConfigurationPlatforms) = preSolution
		ChipCryptDebug|Win32 = ChipCryptDebug|Win32
		ChipCryptDebug|x64 = ChipCryptDebug|x64
		ChipCryptDebugNeon|Win32 = ChipCryptDebugNeon|Win32
		ChipCryptDebugNeon|x64 = ChipCryptDebugNeon|x64
		ChipCryptRelease|Win32 = ChipCryptRelease|Win32
		ChipCryptRelease|x64 = ChipCryptRelease|x64
		ChipCryptReleaseNeon|Win32 = ChipCryptReleaseNeon|Win32
		ChipCryptReleaseNeon|x64 = ChipCryptReleaseNeon|x64
		Debug|Win32 = Debug|Win32
		Debug|x64 = Debug|x64
		DebugNeon|Win32 = DebugNeon|Win32
		DebugNeon|x64 = DebugNeon|x64
		HardwareEncryptionDebug|Win32 = HardwareEncryptionDebug|Win32
		HardwareEncryptionDebug|x64 = HardwareEncryptionDebug|x64
		HardwareEncryptionDebugNeon|Win32 = HardwareEncryptionDebugNeon|Win32
		HardwareEncryptionDebugNeon|x64 = HardwareEncryptionDebugNeon|x64
		HardwareEncryptionRelease|Win32 = HardwareEncryptionRelease|Win32
		HardwareEncryptionRelease|x64 = HardwareEncryptionRelease|x64
		HardwareEncryptionReleaseNeon|Win32 = HardwareEncryptionReleaseNeon|Win32
		HardwareEncryptionReleaseNeon|x64 = HardwareEncryptionReleaseNeon|x64
		Intel_SSA|Win32 = Intel_SSA|Win32
		Intel_SSA|x64 = Intel_SSA|x64
		Release|Win32 = Release|Win32
		Release|x64 = Release|x64
		ReleaseNeon|Win32 = ReleaseNeon|Win32
		ReleaseNeon|x64 = ReleaseNeon|x64
		SoftwareEncryptionDebug|Win32 = SoftwareEncryptionDebug|Win32
		SoftwareEncryptionDebug|x64 = SoftwareEncryptionDebug|x64
		SoftwareEncryptionDebugNeon|Win32 = SoftwareEncryptionDebugNeon|Win32
		SoftwareEncryptionDebugNeon|x64 = SoftwareEncryptionDebugNeon|x64
		SoftwareEncryptionRelease|Win32 = SoftwareEncryptionRelease|Win32
		SoftwareEncryptionRelease|x64 = SoftwareEncryptionRelease|x64
		SoftwareEncryptionReleaseNeon|Win32 = SoftwareEncryptionReleaseNeon|Win32
		SoftwareEncryptionReleaseNeon|x64 = SoftwareEncryptionReleaseNeon|x64
	EndGlobalSection
	GlobalSection(ProjectConfigurationPlatforms) = postSolution
		{411F6462-676E-4A31-98F9-CC43BEF9FD72}.ChipCryptDebug|Win32.ActiveCfg = Debug|Win32
		{411F6462-676E-4A31-98F9-CC43BEF9FD72}.ChipCryptDebug|Win32.Build.0 = Debug|Win32
		{411F6462-676E-4A31-98F9-CC43BEF9FD72}.ChipCryptDebug|x64.ActiveCfg = Release|Win32
		{411F6462-676E-4A31-98F9-CC43BEF9FD72}.ChipCryptDebug|x64.Build.0 = Release|Win32
		{411F6462-676E-4A31-98F9-CC43BEF9FD72}.ChipCryptDebugNeon|Win32.ActiveCfg = Debug|Win32
		{411F6462-676E-4A31-98F9-CC43BEF9FD72}.ChipCryptDebugNeon|Win32.Build.0 = Debug|Win32
		{411F6462-676E-4A31-98F9-CC43BEF9FD72}.ChipCryptDebugNeon|x64.ActiveCfg = Release|Win32
		{411F6462-676E-4A31-98F9-CC43BEF9FD72}.ChipCryptDebugNeon|x64.Build.0 = Release|Win32
		{411F6462-676E-4A31-98F9-CC43BEF9FD72}.ChipCryptRelease|Win32.ActiveCfg = Release|Win32
		{411F6462-676E-4A31-98F9-CC43BEF9FD72}.ChipCryptRelease|Win32.Build.0 = Release|Win32
		{411F6462-676E-4A31-98F9-CC43BEF9FD72}.ChipCryptRelease|x64.ActiveCfg = Release|Win32
		{411F6462-676E-4A31-98F9-CC43BEF9FD72}.ChipCryptRelease|x64.Build.0 = Release|Win32
		{411F6462-676E-4A31-98F9-CC43BEF9FD72}.ChipCryptReleaseNeon|Win32.ActiveCfg = Release|Win32
		{411F6462-676E-4A31-98F9-CC43BEF9FD72}.ChipCryptReleaseNeon|Win32.Build.0 = Release|Win32
		{411F6462-676E-4A31-98F9-CC43BEF9FD72}.ChipCryptReleaseNeon|x64.ActiveCfg = Release|Win32
		{411F6462-676E-4A31-98F9-CC43BEF9FD72}.ChipCryptReleaseNeon|x64.Build.0 = Release|Win32
		{411F6462-676E-4A31-98F9-CC43BEF9FD72}.Debug|Win32.ActiveCfg = Debug|Win32
		{411F6462-676E-4A31-98F9-CC43BEF9FD72}.Debug|Win32.Build.0 = Debug|Win32
		{411F6462-676E-4A31-98F9-CC43BEF9FD72}.Debug|x64.ActiveCfg = Debug|Win32
		{411F6462-676E-4A31-98F9-CC43BEF9FD72}.DebugNeon|Win32.ActiveCfg = Debug|Win32
		{411F6462-676E-4A31-98F9-CC43BEF9FD72}.DebugNeon|Win32.Build.0 = Debug|Win32
		{411F6462-676E-4A31-98F9-CC43BEF9FD72}.DebugNeon|x64.ActiveCfg = Release|Win32
		{411F6462-676E-4A31-98F9-CC43BEF9FD72}.DebugNeon|x64.Build.0 = Release|Win32
		{411F6462-676E-4A31-98F9-CC43BEF9FD72}.HardwareEncryptionDebug|Win32.ActiveCfg = Debug|Win32
		{411F6462-676E-4A31-98F9-CC43BEF9FD72}.HardwareEncryptionDebug|Win32.Build.0 = Debug|Win32
		{411F6462-676E-4A31-98F9-CC43BEF9FD72}.HardwareEncryptionDebug|x64.ActiveCfg = Release|Win32
		{411F6462-676E-4A31-98F9-CC43BEF9FD72}.HardwareEncryptionDebug|x64.Build.0 = Release|Win32
		{411F6462-676E-4A31-98F9-CC43BEF9FD72}.HardwareEncryptionDebugNeon|Win32.ActiveCfg = Debug|Win32
		{411F6462-676E-4A31-98F9-CC43BEF9FD72}.HardwareEncryptionDebugNeon|Win32.Build.0 = Debug|Win32
		{411F6462-676E-4A31-98F9-CC43BEF9FD72}.HardwareEncryptionDebugNeon|x64.ActiveCfg = Release|Win32
		{411F6462-676E-4A31-98F9-CC43BEF9FD72}.HardwareEncryptionDebugNeon|x64.Build.0 = Release|Win32
		{411F6462-676E-4A31-98F9-CC43BEF9FD72}.HardwareEncryptionRelease|Win32.ActiveCfg = Release|Win32
		{411F6462-676E-4A31-98F9-CC43BEF9FD72}.HardwareEncryptionRelease|Win32.Build.0 = Release|Win32
		{411F6462-676E-4A31-98F9-CC43BEF9FD72}.HardwareEncryptionRelease|x64.ActiveCfg = Release|Win32
		{411F6462-676E-4A31-98F9-CC43BEF9FD72}.HardwareEncryptionRelease|x64.Build.0 = Release|Win32
		{411F6462-676E-4A31-98F9-CC43BEF9FD72}.HardwareEncryptionReleaseNeon|Win32.ActiveCfg = Release|Win32
		{411F6462-676E-4A31-98F9-CC43BEF9FD72}.HardwareEncryptionReleaseNeon|Win32.Build.0 = Release|Win32
		{411F6462-676E-4A31-98F9-CC43BEF9FD72}.HardwareEncryptionReleaseNeon|x64.ActiveCfg = Release|Win32
		{411F6462-676E-4A31-98F9-CC43BEF9FD72}.HardwareEncryptionReleaseNeon|x64.Build.0 = Release|Win32
		{411F6462-676E-4A31-98F9-CC43BEF9FD72}.Intel_SSA|Win32.ActiveCfg = Release|Win32
		{411F6462-676E-4A31-98F9-CC43BEF9FD72}.Intel_SSA|Win32.Build.0 = Release|Win32
		{411F6462-676E-4A31-98F9-CC43BEF9FD72}.Intel_SSA|x64.ActiveCfg = Release|Win32
		{411F6462-676E-4A31-98F9-CC43BEF9FD72}.Intel_SSA|x64.Build.0 = Release|Win32
		{411F6462-676E-4A31-98F9-CC43BEF9FD72}.Release|Win32.ActiveCfg = Release|Win32
		{411F6462-676E-4A31-98F9-CC43BEF9FD72}.Release|Win32.Build.0 = Release|Win32
		{411F6462-676E-4A31-98F9-CC43BEF9FD72}.Release|x64.ActiveCfg = Release|Win32
		{411F6462-676E-4A31-98F9-CC43BEF9FD72}.ReleaseNeon|Win32.ActiveCfg = Release|Win32
		{411F6462-676E-4A31-98F9-CC43BEF9FD72}.ReleaseNeon|Win32.Build.0 = Release|Win32
		{411F6462-676E-4A31-98F9-CC43BEF9FD72}.ReleaseNeon|x64.ActiveCfg = Release|Win32
		{411F6462-676E-4A31-98F9-CC43BEF9FD72}.ReleaseNeon|x64.Build.0 = Release|Win32
		{411F6462-676E-4A31-98F9-CC43BEF9FD72}.SoftwareEncryptionDebug|Win32.ActiveCfg = Debug|Win32
		{411F6462-676E-4A31-98F9-CC43BEF9FD72}.SoftwareEncryptionDebug|Win32.Build.0 = Debug|Win32
		{411F6462-676E-4A31-98F9-CC43BEF9FD72}.SoftwareEncryptionDebug|x64.ActiveCfg = Release|Win32
		{411F6462-676E-4A31-98F9-CC43BEF9FD72}.SoftwareEncryptionDebug|x64.Build.0 = Release|Win32
		{411F6462-676E-4A31-98F9-CC43BEF9FD72}.SoftwareEncryptionDebugNeon|Win32.ActiveCfg = Debug|Win32
		{411F6462-676E-4A31-98F9-CC43BEF9FD72}.SoftwareEncryptionDebugNeon|Win32.Build.0 = Debug|Win32
		{411F6462-676E-4A31-98F9-CC43BEF9FD72}.SoftwareEncryptionDebugNeon|x64.ActiveCfg = Release|Win32
		{411F6462-676E-4A31-98F9-CC43BEF9FD72}.SoftwareEncryptionDebugNeon|x64.Build.0 = Release|Win32
		{411F6462-676E-4A31-98F9-CC43BEF9FD72}.SoftwareEncryptionRelease|Win32.ActiveCfg = Release|Win32
		{411F6462-676E-4A31-98F9-CC43BEF9FD72}.SoftwareEncryptionRelease|Win32.Build.0 = Release|Win32
		{411F6462-676E-4A31-98F9-CC43BEF9FD72}.SoftwareEncryptionRelease|x64.ActiveCfg = Release|Win32
		{411F6462-676E-4A31-98F9-CC43BEF9FD72}.SoftwareEncryptionRelease|x64.Build.0 = Release|Win32
		{411F6462-676E-4A31-98F9-CC43BEF9FD72}.SoftwareEncryptionReleaseNeon|Win32.ActiveCfg = Release|Win32
		{411F6462-676E-4A31-98F9-CC43BEF9FD72}.SoftwareEncryptionReleaseNeon|Win32.Build.0 = Release|Win32
		{411F6462-676E-4A31-98F9-CC43BEF9FD72}.SoftwareEncryptionReleaseNeon|x64.ActiveCfg = Release|Win32
		{411F6462-676E-4A31-98F9-CC43BEF9FD72}.SoftwareEncryptionReleaseNeon|x64.Build.0 = Release|Win32
		{FB5F816C-14AA-4C46-B8B2-0B37B78BD3E4}.ChipCryptDebug|Win32.ActiveCfg = Debug|Win32
		{FB5F816C-14AA-4C46-B8B2-0B37B78BD3E4}.ChipCryptDebug|Win32.Build.0 = Debug|Win32
		{FB5F816C-14AA-4C46-B8B2-0B37B78BD3E4}.ChipCryptDebug|x64.ActiveCfg = Debug|x64
		{FB5F816C-14AA-4C46-B8B2-0B37B78BD3E4}.ChipCryptDebug|x64.Build.0 = Debug|x64
		{FB5F816C-14AA-4C46-B8B2-0B37B78BD3E4}.ChipCryptDebugNeon|Win32.ActiveCfg = Debug|Win32
		{FB5F816C-14AA-4C46-B8B2-0B37B78BD3E4}.ChipCryptDebugNeon|Win32.Build.0 = Debug|Win32
		{FB5F816C-14AA-4C46-B8B2-0B37B78BD3E4}.ChipCryptDebugNeon|x64.ActiveCfg = Debug|x64
		{FB5F816C-14AA-4C46-B8B2-0B37B78BD3E4}.ChipCryptDebugNeon|x64.Build.0 = Debug|x64
		{FB5F816C-14AA-4C46-B8B2-0B37B78BD3E4}.ChipCryptRelease|Win32.ActiveCfg = Release|Win32
		{FB5F816C-14AA-4C46-B8B2-0B37B78BD3E4}.ChipCryptRelease|Win32.Build.0 = Release|Win32
		{FB5F816C-14AA-4C46-B8B2-0B37B78BD3E4}.ChipCryptRelease|x64.ActiveCfg = Release|x64
		{FB5F816C-14AA-4C46-B8B2-0B37B78BD3E4}.ChipCryptRelease|x64.Build.0 = Release|x64
		{FB5F816C-14AA-4C46-B8B2-0B37B78BD3E4}.ChipCryptReleaseNeon|Win32.ActiveCfg = Release|Win32
		{FB5F816C-14AA-4C46-B8B2-0B37B78BD3E4}.ChipCryptReleaseNeon|Win32.Build.0 = Release|Win32
		{FB5F816C-14AA-4C46-B8B2-0B37B78BD3E4}.ChipCryptReleaseNeon|x64.ActiveCfg = Release|x64
		{FB5F816C-14AA-4C46-B8B2-0B37B78BD3E4}.ChipCryptReleaseNeon|x64.Build.0 = Release|x64
		{FB5F816C-14AA-4C46-B8B2-0B37B78BD3E4}.Debug|Win32.ActiveCfg = Debug|Win32
		{FB5F816C-14AA-4C46-B8B2-0B37B78BD3E4}.Debug|Win32.Build.0 = Debug|Win32
		{FB5F816C-14AA-4C46-B8B2-0B37B78BD3E4}.Debug|x64.ActiveCfg = Debug|x64
		{FB5F816C-14AA-4C46-B8B2-0B37B78BD3E4}.Debug|x64.Build.0 = Debug|x64
		{FB5F816C-14AA-4C46-B8B2-0B37B78BD3E4}.DebugNeon|Win32.ActiveCfg = Debug|Win32
		{FB5F816C-14AA-4C46-B8B2-0B37B78BD3E4}.DebugNeon|Win32.Build.0 = Debug|Win32
		{FB5F816C-14AA-4C46-B8B2-0B37B78BD3E4}.DebugNeon|x64.ActiveCfg = Debug|x64
		{FB5F816C-14AA-4C46-B8B2-0B37B78BD3E4}.DebugNeon|x64.Build.0 = Debug|x64
		{FB5F816C-14AA-4C46-B8B2-0B37B78BD3E4}.HardwareEncryptionDebug|Win32.ActiveCfg = Debug|Win32
		{FB5F816C-14AA-4C46-B8B2-0B37B78BD3E4}.HardwareEncryptionDebug|Win32.Build.0 = Debug|Win32
		{FB5F816C-14AA-4C46-B8B2-0B37B78BD3E4}.HardwareEncryptionDebug|x64.ActiveCfg = Debug|x64
		{FB5F816C-14AA-4C46-B8B2-0B37B78BD3E4}.HardwareEncryptionDebug|x64.Build.0 = Debug|x64
		{FB5F816C-14AA-4C46-B8B2-0B37B78BD3E4}.HardwareEncryptionDebugNeon|Win32.ActiveCfg = Debug|Win32
		{FB5F816C-14AA-4C46-B8B2-0B37B78BD3E4}.HardwareEncryptionDebugNeon|Win32.Build.0 = Debug|Win32
		{FB5F816C-14AA-4C46-B8B2-0B37B78BD3E4}.HardwareEncryptionDebugNeon|x64.ActiveCfg = Debug|x64
		{FB5F816C-14AA-4C46-B8B2-0B37B78BD3E4}.HardwareEncryptionDebugNeon|x64.Build.0 = Debug|x64
		{FB5F816C-14AA-4C46-B8B2-0B37B78BD3E4}.HardwareEncryptionRelease|Win32.ActiveCfg = Release|Win32
		{FB5F816C-14AA-4C46-B8B2-0B37B78BD3E4}.HardwareEncryptionRelease|Win32.Build.0 = Release|Win32
		{FB5F816C-14AA-4C46-B8B2-0B37B78BD3E4}.HardwareEncryptionRelease|x64.ActiveCfg = Release|x64
		{FB5F816C-14AA-4C46-B8B2-0B37B78BD3E4}.HardwareEncryptionRelease|x64.Build.0 = Release|x64
		{FB5F816C-14AA-4C46-B8B2-0B37B78BD3E4}.HardwareEncryptionReleaseNeon|Win32.ActiveCfg = Release|Win32
		{FB5F816C-14AA-4C46-B8B2-0B37B78BD3E4}.HardwareEncryptionReleaseNeon|Win32.Build.0 = Release|Win32
		{FB5F816C-14AA-4C46-B8B2-0B37B78BD3E4}.HardwareEncryptionReleaseNeon|x64.ActiveCfg = Release|x64
		{FB5F816C-14AA-4C46-B8B2-0B37B78BD3E4}.HardwareEncryptionReleaseNeon|x64.Build.0 = Release|x64
		{FB5F816C-14AA-4C46-B8B2-0B37B78BD3E4}.Intel_SSA|Win32.ActiveCfg = Release|Win32
		{FB5F816C-14AA-4C46-B8B2-0B37B78BD3E4}.Intel_SSA|Win32.Build.0 = Release|Win32
		{FB5F816C-14AA-4C46-B8B2-0B37B78BD3E4}.Intel_SSA|x64.ActiveCfg = Release|x64
		{FB5F816C-14AA-4C46-B8B2-0B37B78BD3E4}.Intel_SSA|x64.Build.0 = Release|x64
		{FB5F816C-14AA-4C46-B8B2-0B37B78BD3E4}.Release|Win32.ActiveCfg = Release|Win32
		{FB5F816C-14AA-4C46-B8B2-0B37B78BD3E4}.Release|Win32.Build.0 = Release|Win32
		{FB5F816C-14AA-4C46-B8B2-0B37B78BD3E4}.Release|x64.ActiveCfg = Release|x64
		{FB5F816C-14AA-4C46-B8B2-0B37B78BD3E4}.Release|x64.Build.0 = Release|x64
		{FB5F816C-14AA-4C46-B8B2-0B37B78BD3E4}.ReleaseNeon|Win32.ActiveCfg = Release|Win32
		{FB5F816C-14AA-4C46-B8B2-0B37B78BD3E4}.ReleaseNeon|Win32.Build.0 = Release|Win32
		{FB5F816C-14AA-4C46-B8B2-0B37B78BD3E4}.ReleaseNeon|x64.ActiveCfg = Release|x64
		{FB5F816C-14AA-4C46-B8B2-0B37B78BD3E4}.ReleaseNeon|x64.Build.0 = Release|x64
		{FB5F816C-14AA-4C46-B8B2-0B37B78BD3E4}.SoftwareEncryptionDebug|Win32.ActiveCfg = Debug|Win32
		{FB5F816C-14AA-4C46-B8B2-0B37B78BD3E4}.SoftwareEncryptionDebug|Win32.Build.0 = Debug|Win32
		{FB5F816C-14AA-4C46-B8B2-0B37B78BD3E4}.SoftwareEncryptionDebug|x64.ActiveCfg = Debug|x64
		{FB5F816C-14AA-4C46-B8B2-0B37B78BD3E4}.SoftwareEncryptionDebug|x64.Build.0 = Debug|x64
		{FB5F816C-14AA-4C46-B8B2-0B37B78BD3E4}.SoftwareEncryptionDebugNeon|Win32.ActiveCfg = Debug|Win32
		{FB5F816C-14AA-4C46-B8B2-0B37B78BD3E4}.SoftwareEncryptionDebugNeon|Win32.Build.0 = Debug|Win32
		{FB5F816C-14AA-4C46-B8B2-0B37B78BD3E4}.SoftwareEncryptionDebugNeon|x64.ActiveCfg = Debug|x64
		{FB5F816C-14AA-4C46-B8B2-0B37B78BD3E4}.SoftwareEncryptionDebugNeon|x64.Build.0 = Debug|x64
		{FB5F816C-14AA-4C46-B8B2-0B37B78BD3E4}.SoftwareEncryptionRelease|Win32.ActiveCfg = Release|Win32
		{FB5F816C-14AA-4C46-B8B2-0B37B78BD3E4}.SoftwareEncryptionRelease|Win32.Build.0 = Release|Win32
		{FB5F816C-14AA-4C46-B8B2-0B37B78BD3E4}.SoftwareEncryptionRelease|x64.ActiveCfg = Release|x64
		{FB5F816C-14AA-4C46-B8B2-0B37B78BD3E4}.SoftwareEncryptionRelease|x64.Build.0 = Release|x64
		{FB5F816C-14AA-4C46-B8B2-0B37B78BD3E4}.SoftwareEncryptionReleaseNeon|Win32.ActiveCfg = Release|Win32
		{FB5F816C-14AA-4C46-B8B2-0B37B78BD3E4}.SoftwareEncryptionReleaseNeon|Win32.Build.0 = Release|Win32
		{FB5F816C-14AA-4C46-B8B2-0B37B78BD3E4}.SoftwareEncryptionReleaseNeon|x64.ActiveCfg = Release|x64
		{FB5F816C-14AA-4C46-B8B2-0B37B78BD3E4}.SoftwareEncryptionReleaseNeon|x64.Build.0 = Release|x64
	EndGlobalSection
	GlobalSection(SolutionProperties) = preSolution
		HideSolutionNode = FALSE
	EndGlobalSection
EndGlobal
